
Microsoft Visual Studio Solution File, Format Version 12.00
# Visual Studio Version 17
VisualStudioVersion = 17.2.32630.192
MinimumVisualStudioVersion = 10.0.40219.1
Project("{9A19103F-16F7-4668-BE54-9A1E7A4F7556}") = "R5T.S0069", "R5T.S0069\R5T.S0069.csproj", "{3360FC64-820C-4EB0-9B25-522C31F9F0D0}"
EndProject
Project("{2150E333-8FDC-42A3-9474-1A3956D46DE8}") = "_Dependencies", "_Dependencies", "{2A3DD6DC-687C-4633-9462-66163EF2D6D6}"
EndProject
Project("{9A19103F-16F7-4668-BE54-9A1E7A4F7556}") = "R5T.F0000", "..\..\R5T.F0000\source\R5T.F0000\R5T.F0000.csproj", "{679C3497-CA55-4172-943B-1FF892D44F6A}"
EndProject
Project("{9A19103F-16F7-4668-BE54-9A1E7A4F7556}") = "R5T.F0002", "..\..\R5T.F0002\source\R5T.F0002\R5T.F0002.csproj", "{FB0C1501-1520-4B14-9549-6C05BA9800DC}"
EndProject
Project("{9A19103F-16F7-4668-BE54-9A1E7A4F7556}") = "R5T.F0120", "..\..\R5T.F0120\source\R5T.F0120\R5T.F0120.csproj", "{F8C124BC-BF86-4FCA-872A-A691BA327E3D}"
EndProject
Project("{9A19103F-16F7-4668-BE54-9A1E7A4F7556}") = "R5T.L0030.T000", "..\..\R5T.L0030\source\R5T.L0030.T000\R5T.L0030.T000.csproj", "{CC33A6F7-3E6B-4607-9F75-0771BCA6D844}"
EndProject
Project("{9A19103F-16F7-4668-BE54-9A1E7A4F7556}") = "R5T.L0030", "..\..\R5T.L0030\source\R5T.L0030\R5T.L0030.csproj", "{EBED20A7-1311-4F67-A13F-F587628DE642}"
EndProject
Project("{9A19103F-16F7-4668-BE54-9A1E7A4F7556}") = "R5T.T0131", "..\..\R5T.T0131\source\R5T.T0131\R5T.T0131.csproj", "{200EDB74-7653-4B9B-98DB-6D4B9D02AB3B}"
EndProject
Project("{9A19103F-16F7-4668-BE54-9A1E7A4F7556}") = "R5T.T0132", "..\..\R5T.T0132\source\R5T.T0132\R5T.T0132.csproj", "{667A288C-40BB-4846-9634-FB6F4B0DEB45}"
EndProject
Project("{9A19103F-16F7-4668-BE54-9A1E7A4F7556}") = "R5T.T0142", "..\..\R5T.T0142\source\R5T.T0142\R5T.T0142.csproj", "{A90BAB70-2FC5-4B8E-A299-0677C347C291}"
EndProject
Project("{9A19103F-16F7-4668-BE54-9A1E7A4F7556}") = "R5T.T0143", "..\..\R5T.T0143\source\R5T.T0143\R5T.T0143.csproj", "{33D4C130-86DD-4D78-AAA7-785FC046F9E4}"
EndProject
Project("{9A19103F-16F7-4668-BE54-9A1E7A4F7556}") = "R5T.T0156", "..\..\R5T.T0156\source\R5T.T0156\R5T.T0156.csproj", "{BDB07AC6-9C2A-4B9D-A2BE-0DF8C9E4419E}"
EndProject
Project("{9A19103F-16F7-4668-BE54-9A1E7A4F7556}") = "R5T.T0178", "..\..\R5T.T0178\source\R5T.T0178\R5T.T0178.csproj", "{A3C55F75-610F-450D-905C-960B9ADE0D15}"
EndProject
Project("{9A19103F-16F7-4668-BE54-9A1E7A4F7556}") = "R5T.T0179", "..\..\R5T.T0179\source\R5T.T0179\R5T.T0179.csproj", "{9B8CE8B3-1137-4553-AFE4-4B9F72E082BF}"
EndProject
Project("{9A19103F-16F7-4668-BE54-9A1E7A4F7556}") = "R5T.T0180", "..\..\R5T.T0180\source\R5T.T0180\R5T.T0180.csproj", "{1663F9CE-A148-43A1-BDF8-2E28D5A5EDB3}"
EndProject
Project("{9A19103F-16F7-4668-BE54-9A1E7A4F7556}") = "R5T.T0181", "..\..\R5T.T0181\source\R5T.T0181\R5T.T0181.csproj", "{38302525-730B-436F-AC06-8F768CD97C00}"
EndProject
Project("{9A19103F-16F7-4668-BE54-9A1E7A4F7556}") = "R5T.Y0000", "..\..\R5T.Y0000\source\R5T.Y0000\R5T.Y0000.csproj", "{FA2996C7-6F2F-48E0-9F82-86899741C5A7}"
EndProject
Project("{9A19103F-16F7-4668-BE54-9A1E7A4F7556}") = "R5T.Z0000", "..\..\R5T.Z0000\source\R5T.Z0000\R5T.Z0000.csproj", "{20A096D7-8233-4D67-832C-DF9471D5CA17}"
EndProject
Project("{9A19103F-16F7-4668-BE54-9A1E7A4F7556}") = "R5T.T0185", "..\..\R5T.T0185\source\R5T.T0185\R5T.T0185.csproj", "{0B8901A8-2A5F-4E9E-AD76-93373D98F878}"
EndProject
Project("{9A19103F-16F7-4668-BE54-9A1E7A4F7556}") = "R5T.T0203", "..\..\R5T.T0203\source\R5T.T0203\R5T.T0203.csproj", "{EC220D43-DA69-44CF-80F2-731396EA69B3}"
EndProject
Project("{9A19103F-16F7-4668-BE54-9A1E7A4F7556}") = "R5T.F0124", "..\..\R5T.F0124\source\R5T.F0124\R5T.F0124.csproj", "{2410F689-B02F-41FD-B5FD-E005D86D8E35}"
EndProject
Project("{9A19103F-16F7-4668-BE54-9A1E7A4F7556}") = "R5T.F0125", "..\..\R5T.F0125\source\R5T.F0125\R5T.F0125.csproj", "{EECE9CEA-98A7-44AB-9BA0-B0636413948A}"
EndProject
Project("{9A19103F-16F7-4668-BE54-9A1E7A4F7556}") = "R5T.L0034", "..\..\R5T.L0034\source\R5T.L0034\R5T.L0034.csproj", "{197C51FF-CF01-4E2D-8696-990D47908977}"
EndProject
Project("{9A19103F-16F7-4668-BE54-9A1E7A4F7556}") = "R5T.L0035", "..\..\R5T.L0035\source\R5T.L0035\R5T.L0035.csproj", "{54CBBF09-4BDB-4379-9EB7-49D8060362CC}"
EndProject
Project("{9A19103F-16F7-4668-BE54-9A1E7A4F7556}") = "R5T.T0174", "..\..\R5T.T0174\source\R5T.T0174\R5T.T0174.csproj", "{C15DF2BC-5E22-41DA-845D-6354119642C7}"
EndProject
Project("{9A19103F-16F7-4668-BE54-9A1E7A4F7556}") = "R5T.T0176", "..\..\R5T.T0176\source\R5T.T0176\R5T.T0176.csproj", "{C257A5EE-04B7-4725-9D6C-04541A3DA9E7}"
EndProject
Project("{9A19103F-16F7-4668-BE54-9A1E7A4F7556}") = "R5T.T0177", "..\..\R5T.T0177\source\R5T.T0177\R5T.T0177.csproj", "{EB9A8E7C-ECF4-4F51-9D3B-7A576E550205}"
EndProject
Project("{9A19103F-16F7-4668-BE54-9A1E7A4F7556}") = "R5T.Z0049.Z001", "..\..\R5T.Z0049\source\R5T.Z0049.Z001\R5T.Z0049.Z001.csproj", "{F3041778-562A-4EAF-A7B3-6D0C38F1561C}"
EndProject
Project("{9A19103F-16F7-4668-BE54-9A1E7A4F7556}") = "R5T.Z0049.Z002", "..\..\R5T.Z0049\source\R5T.Z0049.Z002\R5T.Z0049.Z002.csproj", "{E6C45AEC-74EE-4CDE-A715-F89305FF4F7D}"
EndProject
Project("{9A19103F-16F7-4668-BE54-9A1E7A4F7556}") = "R5T.Z0049", "..\..\R5T.Z0049\source\R5T.Z0049\R5T.Z0049.csproj", "{A94ED373-FAF9-46C2-A1CA-A8E284A0D259}"
EndProject
Project("{9A19103F-16F7-4668-BE54-9A1E7A4F7556}") = "R5T.T0141", "..\..\R5T.T0141\source\R5T.T0141\R5T.T0141.csproj", "{7C976934-A532-45BC-B700-2B56B4C15FA8}"
EndProject
Project("{9A19103F-16F7-4668-BE54-9A1E7A4F7556}") = "R5T.L0053", "..\..\R5T.L0053\source\R5T.L0053\R5T.L0053.csproj", "{306F710A-BCC2-4097-8C1A-9EF4E1288C90}"
EndProject
Project("{9A19103F-16F7-4668-BE54-9A1E7A4F7556}") = "R5T.L0066", "..\..\R5T.L0066\source\R5T.L0066\R5T.L0066.csproj", "{DAAD2602-5773-41FE-8E92-242513438394}"
EndProject
Project("{9A19103F-16F7-4668-BE54-9A1E7A4F7556}") = "R5T.NG0022", "..\..\R5T.NG0022\source\R5T.NG0022\R5T.NG0022.csproj", "{AF0257CE-E173-4217-8DD1-9971CC9308C7}"
EndProject
Project("{9A19103F-16F7-4668-BE54-9A1E7A4F7556}") = "R5T.T0199", "..\..\R5T.T0199\source\R5T.T0199\R5T.T0199.csproj", "{1BF8A520-D4BB-410B-A6D1-C95405AFA189}"
EndProject
Project("{9A19103F-16F7-4668-BE54-9A1E7A4F7556}") = "R5T.T0220", "..\..\R5T.T0220\source\R5T.T0220\R5T.T0220.csproj", "{E17D2397-F72C-46DA-AA03-D4E21C3DE315}"
EndProject
Project("{9A19103F-16F7-4668-BE54-9A1E7A4F7556}") = "R5T.T0221", "..\..\R5T.T0221\source\R5T.T0221\R5T.T0221.csproj", "{77619C94-05B1-4A41-B765-C64FFA495417}"
EndProject
Project("{9A19103F-16F7-4668-BE54-9A1E7A4F7556}") = "R5T.Z0010.Platform", "..\..\R5T.Z0010\source\R5T.Z0010.Platform\R5T.Z0010.Platform.csproj", "{22BF3C14-5818-47BE-9904-8DCC3555F1DE}"
EndProject
Project("{9A19103F-16F7-4668-BE54-9A1E7A4F7556}") = "R5T.F0020", "..\..\R5T.F0020\source\R5T.F0020\R5T.F0020.csproj", "{8FE205F0-6391-4759-B3EF-54C3EEEB383F}"
EndProject
Project("{9A19103F-16F7-4668-BE54-9A1E7A4F7556}") = "R5T.F0033.Platform", "..\..\R5T.F0033\source\R5T.F0033.Platform\R5T.F0033.Platform.csproj", "{EE7D35CA-01D4-44D9-8E5C-983750D3C854}"
EndProject
Project("{9A19103F-16F7-4668-BE54-9A1E7A4F7556}") = "R5T.F0033", "..\..\R5T.F0033\source\R5T.F0033\R5T.F0033.csproj", "{ADA0D6DD-E800-41BC-B5D7-B5E62EE5A91B}"
EndProject
Project("{9A19103F-16F7-4668-BE54-9A1E7A4F7556}") = "R5T.F0034.Platform", "..\..\R5T.F0034\source\R5T.F0034.Platform\R5T.F0034.Platform.csproj", "{9998B070-5618-49E8-B143-CC727B69B396}"
EndProject
Project("{9A19103F-16F7-4668-BE54-9A1E7A4F7556}") = "R5T.F0034", "..\..\R5T.F0034\source\R5T.F0034\R5T.F0034.csproj", "{FF8500AB-C86E-4D40-BCC6-C44879A0FE90}"
EndProject
Project("{9A19103F-16F7-4668-BE54-9A1E7A4F7556}") = "R5T.F0035.F001", "..\..\R5T.F0035\source\R5T.F0035.F001\R5T.F0035.F001.csproj", "{A9D5B56C-1905-472D-BF13-65233BF72C4A}"
EndProject
Project("{9A19103F-16F7-4668-BE54-9A1E7A4F7556}") = "R5T.F0040.F000", "..\..\R5T.F0040\source\R5T.F0040.F000\R5T.F0040.F000.csproj", "{83A7C3C4-1E7C-4D91-AA6E-10AE90CFAA34}"
EndProject
Project("{9A19103F-16F7-4668-BE54-9A1E7A4F7556}") = "R5T.F0040", "..\..\R5T.F0040\source\R5T.F0040\R5T.F0040.csproj", "{0B8103A7-E25E-4CD2-8450-C32C1C50747D}"
EndProject
Project("{9A19103F-16F7-4668-BE54-9A1E7A4F7556}") = "R5T.F0059", "..\..\R5T.F0059\source\R5T.F0059\R5T.F0059.csproj", "{051E8AD2-8E76-4356-8333-9D7B45432A64}"
EndProject
Project("{9A19103F-16F7-4668-BE54-9A1E7A4F7556}") = "R5T.F0138", "..\..\R5T.F0138\source\R5T.F0138\R5T.F0138.csproj", "{85E25869-D089-4F49-A1D0-AB2F249EA8E6}"
EndProject
Project("{9A19103F-16F7-4668-BE54-9A1E7A4F7556}") = "R5T.F0139", "..\..\R5T.F0139\source\R5T.F0139\R5T.F0139.csproj", "{392F27BA-3F9B-4392-AB72-0468B02D2119}"
EndProject
Project("{9A19103F-16F7-4668-BE54-9A1E7A4F7556}") = "R5T.F0140", "..\..\R5T.F0140\source\R5T.F0140\R5T.F0140.csproj", "{806BACFF-88CF-4F11-A20E-AA6A97399744}"
EndProject
Project("{9A19103F-16F7-4668-BE54-9A1E7A4F7556}") = "R5T.L0032.T000", "..\..\R5T.L0032\source\R5T.L0032.T000\R5T.L0032.T000.csproj", "{422A4BFF-EF21-4294-BF03-449619F4BE17}"
EndProject
Project("{9A19103F-16F7-4668-BE54-9A1E7A4F7556}") = "R5T.L0055", "..\..\R5T.L0055\source\R5T.L0055\R5T.L0055.csproj", "{2EEE92CE-446D-4927-804F-8E88E1B89E42}"
EndProject
Project("{9A19103F-16F7-4668-BE54-9A1E7A4F7556}") = "R5T.L0056", "..\..\R5T.L0056\source\R5T.L0056\R5T.L0056.csproj", "{6AB53B1F-25BA-4A94-9497-642F32203064}"
EndProject
Project("{9A19103F-16F7-4668-BE54-9A1E7A4F7556}") = "R5T.L0057", "..\..\R5T.L0057\source\R5T.L0057\R5T.L0057.csproj", "{F8820A71-FD87-4BF0-84F6-4CAD2ADDAE24}"
EndProject
Project("{9A19103F-16F7-4668-BE54-9A1E7A4F7556}") = "R5T.L0058", "..\..\R5T.L0058\source\R5T.L0058\R5T.L0058.csproj", "{4487AF63-92F3-4798-96CC-0D433C7866ED}"
EndProject
Project("{9A19103F-16F7-4668-BE54-9A1E7A4F7556}") = "R5T.L0061", "..\..\R5T.L0061\source\R5T.L0061\R5T.L0061.csproj", "{136CC3E2-FA27-4EE5-9D12-E5A920B2787E}"
EndProject
Project("{9A19103F-16F7-4668-BE54-9A1E7A4F7556}") = "R5T.L0064.F001", "..\..\R5T.L0064\source\R5T.L0064.F001\R5T.L0064.F001.csproj", "{4FD06F0D-1A64-45F6-8869-7DB70CA1FDEE}"
EndProject
Project("{9A19103F-16F7-4668-BE54-9A1E7A4F7556}") = "R5T.NG0002", "..\..\R5T.NG0002\source\R5T.NG0002\R5T.NG0002.csproj", "{FE703A6A-D815-4C8E-83A0-9DBCB862BB0A}"
EndProject
Project("{9A19103F-16F7-4668-BE54-9A1E7A4F7556}") = "R5T.NG0006", "..\..\R5T.NG0006\source\R5T.NG0006\R5T.NG0006.csproj", "{9F613EAD-ECF3-4A79-BCE4-E880E660A425}"
EndProject
Project("{9A19103F-16F7-4668-BE54-9A1E7A4F7556}") = "R5T.NG0007", "..\..\R5T.NG0007\source\R5T.NG0007\R5T.NG0007.csproj", "{3D8FF90F-E70E-465E-8CEC-5427414B2F4D}"
EndProject
Project("{9A19103F-16F7-4668-BE54-9A1E7A4F7556}") = "R5T.NG0010", "..\..\R5T.NG0010\source\R5T.NG0010\R5T.NG0010.csproj", "{B4B4CAA1-3FCD-4356-B7CF-B3C9B2066B9E}"
EndProject
Project("{9A19103F-16F7-4668-BE54-9A1E7A4F7556}") = "R5T.T0148", "..\..\R5T.T0148\source\R5T.T0148\R5T.T0148.csproj", "{E777B0D1-35B7-41CF-9C27-2AEBD6025B4A}"
EndProject
Project("{9A19103F-16F7-4668-BE54-9A1E7A4F7556}") = "R5T.T0150", "..\..\R5T.T0150\source\R5T.T0150\R5T.T0150.csproj", "{E1582632-464E-4CA2-A765-892B4CE02645}"
EndProject
Project("{9A19103F-16F7-4668-BE54-9A1E7A4F7556}") = "R5T.T0151", "..\..\R5T.T0151\source\R5T.T0151\R5T.T0151.csproj", "{1544B2B9-1280-4322-8742-07EB8BAA0F4D}"
EndProject
Project("{9A19103F-16F7-4668-BE54-9A1E7A4F7556}") = "R5T.T0152", "..\..\R5T.T0152\source\R5T.T0152\R5T.T0152.csproj", "{9C3764DB-80EF-4E17-8757-E003349C2E87}"
EndProject
Project("{9A19103F-16F7-4668-BE54-9A1E7A4F7556}") = "R5T.T0158.F000", "..\..\R5T.T0158\source\R5T.T0158.F000\R5T.T0158.F000.csproj", "{1331D95C-ED48-4EE5-909A-0FE55DAAD428}"
EndProject
Project("{9A19103F-16F7-4668-BE54-9A1E7A4F7556}") = "R5T.T0158.T000", "..\..\R5T.T0158\source\R5T.T0158.T000\R5T.T0158.T000.csproj", "{EB2AE328-50AE-4F2D-A2D2-9E0E0BF000F9}"
EndProject
Project("{9A19103F-16F7-4668-BE54-9A1E7A4F7556}") = "R5T.T0158", "..\..\R5T.T0158\source\R5T.T0158\R5T.T0158.csproj", "{254CC1C6-DCA1-4FC1-AD12-5F60A892B507}"
EndProject
Project("{9A19103F-16F7-4668-BE54-9A1E7A4F7556}") = "R5T.T0159.F000", "..\..\R5T.T0159\source\R5T.T0159.F000\R5T.T0159.F000.csproj", "{1581B1C3-F618-4C69-8109-5AB970672408}"
EndProject
Project("{9A19103F-16F7-4668-BE54-9A1E7A4F7556}") = "R5T.T0159", "..\..\R5T.T0159\source\R5T.T0159\R5T.T0159.csproj", "{4F8E3C39-3C7C-4875-A3C6-6B5436539F41}"
EndProject
Project("{9A19103F-16F7-4668-BE54-9A1E7A4F7556}") = "R5T.T0161", "..\..\R5T.T0161\source\R5T.T0161\R5T.T0161.csproj", "{DD1415A2-62BC-430F-A2D3-FDA7DD8E999C}"
EndProject
Project("{9A19103F-16F7-4668-BE54-9A1E7A4F7556}") = "R5T.T0172", "..\..\R5T.T0172\source\R5T.T0172\R5T.T0172.csproj", "{A6ACBEA7-E2B6-43EA-994B-FEA9DFB54D4A}"
EndProject
Project("{9A19103F-16F7-4668-BE54-9A1E7A4F7556}") = "R5T.T0184", "..\..\R5T.T0184\source\R5T.T0184\R5T.T0184.csproj", "{4C8FDFEB-4965-4324-A8FB-8FB33E5CA80E}"
EndProject
Project("{9A19103F-16F7-4668-BE54-9A1E7A4F7556}") = "R5T.T0186", "..\..\R5T.T0186\source\R5T.T0186\R5T.T0186.csproj", "{A84CCB1D-D70C-4F9F-8C06-F8E778EE0018}"
EndProject
Project("{9A19103F-16F7-4668-BE54-9A1E7A4F7556}") = "R5T.T0187", "..\..\R5T.T0187\source\R5T.T0187\R5T.T0187.csproj", "{2B98CBBF-0649-4BAB-916C-3F4DDA3A7DD8}"
EndProject
Project("{9A19103F-16F7-4668-BE54-9A1E7A4F7556}") = "R5T.T0196", "..\..\R5T.T0196\source\R5T.T0196\R5T.T0196.csproj", "{E05720B8-877D-45A8-A794-1FA4B5421280}"
EndProject
Project("{9A19103F-16F7-4668-BE54-9A1E7A4F7556}") = "R5T.T0197", "..\..\R5T.T0197\source\R5T.T0197\R5T.T0197.csproj", "{68A3370B-72B6-4EFB-B897-93A55C372A8B}"
EndProject
Project("{9A19103F-16F7-4668-BE54-9A1E7A4F7556}") = "R5T.T0198", "..\..\R5T.T0198\source\R5T.T0198\R5T.T0198.csproj", "{E2FB391B-AA62-4139-920E-80ECC7B9B7D0}"
EndProject
Project("{9A19103F-16F7-4668-BE54-9A1E7A4F7556}") = "R5T.T0200", "..\..\R5T.T0200\source\R5T.T0200\R5T.T0200.csproj", "{17F94830-0854-4042-AE31-11039EDE86F8}"
EndProject
Project("{9A19103F-16F7-4668-BE54-9A1E7A4F7556}") = "R5T.T0213", "..\..\R5T.T0213\source\R5T.T0213\R5T.T0213.csproj", "{F237EA98-3EF0-4D48-8C32-6FA61685899F}"
EndProject
Project("{9A19103F-16F7-4668-BE54-9A1E7A4F7556}") = "R5T.T0214.Z001", "..\..\R5T.T0214\source\R5T.T0214.Z001\R5T.T0214.Z001.csproj", "{83AD8007-2CE5-476E-9A7D-0617540B70EB}"
EndProject
Project("{9A19103F-16F7-4668-BE54-9A1E7A4F7556}") = "R5T.T0214", "..\..\R5T.T0214\source\R5T.T0214\R5T.T0214.csproj", "{F37EC63C-B557-4CAC-821F-4647335D505E}"
EndProject
Project("{9A19103F-16F7-4668-BE54-9A1E7A4F7556}") = "R5T.T0215.Z000", "..\..\R5T.T0215\source\R5T.T0215.Z000\R5T.T0215.Z000.csproj", "{07F715EB-6C25-4315-B00F-9D1F5AFB950E}"
EndProject
Project("{9A19103F-16F7-4668-BE54-9A1E7A4F7556}") = "R5T.T0215", "..\..\R5T.T0215\source\R5T.T0215\R5T.T0215.csproj", "{9AD5BD9E-4784-45A2-991F-B7C9F5F6DEB6}"
EndProject
Project("{9A19103F-16F7-4668-BE54-9A1E7A4F7556}") = "R5T.T0216.F001", "..\..\R5T.T0216\source\R5T.T0216.F001\R5T.T0216.F001.csproj", "{4E457B80-8C44-4176-A8FB-D862632B2A1B}"
EndProject
Project("{9A19103F-16F7-4668-BE54-9A1E7A4F7556}") = "R5T.T0216", "..\..\R5T.T0216\source\R5T.T0216\R5T.T0216.csproj", "{972E4DFA-2E2A-4006-94C2-4372AFBBE1AC}"
EndProject
Project("{9A19103F-16F7-4668-BE54-9A1E7A4F7556}") = "R5T.T0217.F001", "..\..\R5T.T0217\source\R5T.T0217.F001\R5T.T0217.F001.csproj", "{E8694C8E-5202-44EB-96ED-93E74B4AFA5C}"
EndProject
Project("{9A19103F-16F7-4668-BE54-9A1E7A4F7556}") = "R5T.T0217", "..\..\R5T.T0217\source\R5T.T0217\R5T.T0217.csproj", "{0CD25B46-6A62-42A0-BDCE-404292DBBFB0}"
EndProject
Project("{9A19103F-16F7-4668-BE54-9A1E7A4F7556}") = "R5T.T0218", "..\..\R5T.T0218\source\R5T.T0218\R5T.T0218.csproj", "{ED3C3698-AA17-4EE2-B60A-6D1B6CAABFC0}"
EndProject
Project("{9A19103F-16F7-4668-BE54-9A1E7A4F7556}") = "R5T.T0219", "..\..\R5T.T0219\source\R5T.T0219\R5T.T0219.csproj", "{3A26EA09-481C-4F87-B435-C96AA0CE214F}"
EndProject
Project("{9A19103F-16F7-4668-BE54-9A1E7A4F7556}") = "R5T.T0224", "..\..\R5T.T0224\source\R5T.T0224\R5T.T0224.csproj", "{FFC096A1-3C5D-4727-99A1-B94B92C58BC7}"
EndProject
Project("{9A19103F-16F7-4668-BE54-9A1E7A4F7556}") = "R5T.T0227", "..\..\R5T.T0227\source\R5T.T0227\R5T.T0227.csproj", "{93B390FB-4756-49AF-8D94-3D043846ADBD}"
EndProject
Project("{9A19103F-16F7-4668-BE54-9A1E7A4F7556}") = "R5T.Z0010", "..\..\R5T.Z0010\source\R5T.Z0010\R5T.Z0010.csproj", "{E03B14E4-A666-47F0-94C0-FDAC0D0A3BD4}"
EndProject
Project("{9A19103F-16F7-4668-BE54-9A1E7A4F7556}") = "R5T.Z0012", "..\..\R5T.Z0012\source\R5T.Z0012\R5T.Z0012.csproj", "{6E84B6AB-F086-4926-9618-0D75BBD2D7CB}"
EndProject
Project("{9A19103F-16F7-4668-BE54-9A1E7A4F7556}") = "R5T.Z0044.Z000", "..\..\R5T.Z0044\source\R5T.Z0044.Z000\R5T.Z0044.Z000.csproj", "{F38AF7D1-3E5A-4E06-BE75-4D607A3013AC}"
EndProject
Project("{9A19103F-16F7-4668-BE54-9A1E7A4F7556}") = "R5T.Z0046.Platform", "..\..\R5T.Z0046\source\R5T.Z0046.Platform\R5T.Z0046.Platform.csproj", "{9326561D-EBC4-433E-9ADA-B790373B1C26}"
EndProject
Project("{9A19103F-16F7-4668-BE54-9A1E7A4F7556}") = "R5T.Z0046", "..\..\R5T.Z0046\source\R5T.Z0046\R5T.Z0046.csproj", "{E6326638-68E3-417A-BDBC-CEE4A7F2F452}"
EndProject
Project("{9A19103F-16F7-4668-BE54-9A1E7A4F7556}") = "R5T.Z0057.Platform", "..\..\R5T.Z0057\source\R5T.Z0057.Platform\R5T.Z0057.Platform.csproj", "{8EC444C2-7E0E-4EDC-B84A-4F0713BAAE6F}"
EndProject
Project("{9A19103F-16F7-4668-BE54-9A1E7A4F7556}") = "R5T.Z0057", "..\..\R5T.Z0057\source\R5T.Z0057\R5T.Z0057.csproj", "{26B10B9C-0B88-4187-B91E-1036931DC459}"
EndProject
Project("{9A19103F-16F7-4668-BE54-9A1E7A4F7556}") = "R5T.Z0058", "..\..\R5T.Z0058\source\R5T.Z0058\R5T.Z0058.csproj", "{3AA557F8-5F83-46CE-8F1D-3EA674F684B6}"
EndProject
Project("{9A19103F-16F7-4668-BE54-9A1E7A4F7556}") = "R5T.Z0063.Platform", "..\..\R5T.Z0063\source\R5T.Z0063.Platform\R5T.Z0063.Platform.csproj", "{0322308D-9AE9-4C43-9905-92D7D28F0B87}"
EndProject
Project("{9A19103F-16F7-4668-BE54-9A1E7A4F7556}") = "R5T.Z0063", "..\..\R5T.Z0063\source\R5T.Z0063\R5T.Z0063.csproj", "{5B8B655E-1BEE-4D0D-85B7-8E47B092FE42}"
EndProject
Project("{9A19103F-16F7-4668-BE54-9A1E7A4F7556}") = "R5T.Y0006", "..\..\R5T.Y0006\source\R5T.Y0006\R5T.Y0006.csproj", "{F9ABBB44-ED44-41D2-83CC-3982F636E4FB}"
EndProject
Global
	GlobalSection(SolutionConfigurationPlatforms) = preSolution
		Debug|Any CPU = Debug|Any CPU
		Release|Any CPU = Release|Any CPU
	EndGlobalSection
	GlobalSection(ProjectConfigurationPlatforms) = postSolution
		{3360FC64-820C-4EB0-9B25-522C31F9F0D0}.Debug|Any CPU.ActiveCfg = Debug|Any CPU
		{3360FC64-820C-4EB0-9B25-522C31F9F0D0}.Debug|Any CPU.Build.0 = Debug|Any CPU
		{3360FC64-820C-4EB0-9B25-522C31F9F0D0}.Release|Any CPU.ActiveCfg = Release|Any CPU
		{3360FC64-820C-4EB0-9B25-522C31F9F0D0}.Release|Any CPU.Build.0 = Release|Any CPU
		{679C3497-CA55-4172-943B-1FF892D44F6A}.Debug|Any CPU.ActiveCfg = Debug|Any CPU
		{679C3497-CA55-4172-943B-1FF892D44F6A}.Debug|Any CPU.Build.0 = Debug|Any CPU
		{679C3497-CA55-4172-943B-1FF892D44F6A}.Release|Any CPU.ActiveCfg = Release|Any CPU
		{679C3497-CA55-4172-943B-1FF892D44F6A}.Release|Any CPU.Build.0 = Release|Any CPU
		{FB0C1501-1520-4B14-9549-6C05BA9800DC}.Debug|Any CPU.ActiveCfg = Debug|Any CPU
		{FB0C1501-1520-4B14-9549-6C05BA9800DC}.Debug|Any CPU.Build.0 = Debug|Any CPU
		{FB0C1501-1520-4B14-9549-6C05BA9800DC}.Release|Any CPU.ActiveCfg = Release|Any CPU
		{FB0C1501-1520-4B14-9549-6C05BA9800DC}.Release|Any CPU.Build.0 = Release|Any CPU
		{F8C124BC-BF86-4FCA-872A-A691BA327E3D}.Debug|Any CPU.ActiveCfg = Debug|Any CPU
		{F8C124BC-BF86-4FCA-872A-A691BA327E3D}.Debug|Any CPU.Build.0 = Debug|Any CPU
		{F8C124BC-BF86-4FCA-872A-A691BA327E3D}.Release|Any CPU.ActiveCfg = Release|Any CPU
		{F8C124BC-BF86-4FCA-872A-A691BA327E3D}.Release|Any CPU.Build.0 = Release|Any CPU
		{CC33A6F7-3E6B-4607-9F75-0771BCA6D844}.Debug|Any CPU.ActiveCfg = Debug|Any CPU
		{CC33A6F7-3E6B-4607-9F75-0771BCA6D844}.Debug|Any CPU.Build.0 = Debug|Any CPU
		{CC33A6F7-3E6B-4607-9F75-0771BCA6D844}.Release|Any CPU.ActiveCfg = Release|Any CPU
		{CC33A6F7-3E6B-4607-9F75-0771BCA6D844}.Release|Any CPU.Build.0 = Release|Any CPU
		{EBED20A7-1311-4F67-A13F-F587628DE642}.Debug|Any CPU.ActiveCfg = Debug|Any CPU
		{EBED20A7-1311-4F67-A13F-F587628DE642}.Debug|Any CPU.Build.0 = Debug|Any CPU
		{EBED20A7-1311-4F67-A13F-F587628DE642}.Release|Any CPU.ActiveCfg = Release|Any CPU
		{EBED20A7-1311-4F67-A13F-F587628DE642}.Release|Any CPU.Build.0 = Release|Any CPU
		{200EDB74-7653-4B9B-98DB-6D4B9D02AB3B}.Debug|Any CPU.ActiveCfg = Debug|Any CPU
		{200EDB74-7653-4B9B-98DB-6D4B9D02AB3B}.Debug|Any CPU.Build.0 = Debug|Any CPU
		{200EDB74-7653-4B9B-98DB-6D4B9D02AB3B}.Release|Any CPU.ActiveCfg = Release|Any CPU
		{200EDB74-7653-4B9B-98DB-6D4B9D02AB3B}.Release|Any CPU.Build.0 = Release|Any CPU
		{667A288C-40BB-4846-9634-FB6F4B0DEB45}.Debug|Any CPU.ActiveCfg = Debug|Any CPU
		{667A288C-40BB-4846-9634-FB6F4B0DEB45}.Debug|Any CPU.Build.0 = Debug|Any CPU
		{667A288C-40BB-4846-9634-FB6F4B0DEB45}.Release|Any CPU.ActiveCfg = Release|Any CPU
		{667A288C-40BB-4846-9634-FB6F4B0DEB45}.Release|Any CPU.Build.0 = Release|Any CPU
		{A90BAB70-2FC5-4B8E-A299-0677C347C291}.Debug|Any CPU.ActiveCfg = Debug|Any CPU
		{A90BAB70-2FC5-4B8E-A299-0677C347C291}.Debug|Any CPU.Build.0 = Debug|Any CPU
		{A90BAB70-2FC5-4B8E-A299-0677C347C291}.Release|Any CPU.ActiveCfg = Release|Any CPU
		{A90BAB70-2FC5-4B8E-A299-0677C347C291}.Release|Any CPU.Build.0 = Release|Any CPU
		{33D4C130-86DD-4D78-AAA7-785FC046F9E4}.Debug|Any CPU.ActiveCfg = Debug|Any CPU
		{33D4C130-86DD-4D78-AAA7-785FC046F9E4}.Debug|Any CPU.Build.0 = Debug|Any CPU
		{33D4C130-86DD-4D78-AAA7-785FC046F9E4}.Release|Any CPU.ActiveCfg = Release|Any CPU
		{33D4C130-86DD-4D78-AAA7-785FC046F9E4}.Release|Any CPU.Build.0 = Release|Any CPU
		{BDB07AC6-9C2A-4B9D-A2BE-0DF8C9E4419E}.Debug|Any CPU.ActiveCfg = Debug|Any CPU
		{BDB07AC6-9C2A-4B9D-A2BE-0DF8C9E4419E}.Debug|Any CPU.Build.0 = Debug|Any CPU
		{BDB07AC6-9C2A-4B9D-A2BE-0DF8C9E4419E}.Release|Any CPU.ActiveCfg = Release|Any CPU
		{BDB07AC6-9C2A-4B9D-A2BE-0DF8C9E4419E}.Release|Any CPU.Build.0 = Release|Any CPU
		{A3C55F75-610F-450D-905C-960B9ADE0D15}.Debug|Any CPU.ActiveCfg = Debug|Any CPU
		{A3C55F75-610F-450D-905C-960B9ADE0D15}.Debug|Any CPU.Build.0 = Debug|Any CPU
		{A3C55F75-610F-450D-905C-960B9ADE0D15}.Release|Any CPU.ActiveCfg = Release|Any CPU
		{A3C55F75-610F-450D-905C-960B9ADE0D15}.Release|Any CPU.Build.0 = Release|Any CPU
		{9B8CE8B3-1137-4553-AFE4-4B9F72E082BF}.Debug|Any CPU.ActiveCfg = Debug|Any CPU
		{9B8CE8B3-1137-4553-AFE4-4B9F72E082BF}.Debug|Any CPU.Build.0 = Debug|Any CPU
		{9B8CE8B3-1137-4553-AFE4-4B9F72E082BF}.Release|Any CPU.ActiveCfg = Release|Any CPU
		{9B8CE8B3-1137-4553-AFE4-4B9F72E082BF}.Release|Any CPU.Build.0 = Release|Any CPU
		{1663F9CE-A148-43A1-BDF8-2E28D5A5EDB3}.Debug|Any CPU.ActiveCfg = Debug|Any CPU
		{1663F9CE-A148-43A1-BDF8-2E28D5A5EDB3}.Debug|Any CPU.Build.0 = Debug|Any CPU
		{1663F9CE-A148-43A1-BDF8-2E28D5A5EDB3}.Release|Any CPU.ActiveCfg = Release|Any CPU
		{1663F9CE-A148-43A1-BDF8-2E28D5A5EDB3}.Release|Any CPU.Build.0 = Release|Any CPU
		{38302525-730B-436F-AC06-8F768CD97C00}.Debug|Any CPU.ActiveCfg = Debug|Any CPU
		{38302525-730B-436F-AC06-8F768CD97C00}.Debug|Any CPU.Build.0 = Debug|Any CPU
		{38302525-730B-436F-AC06-8F768CD97C00}.Release|Any CPU.ActiveCfg = Release|Any CPU
		{38302525-730B-436F-AC06-8F768CD97C00}.Release|Any CPU.Build.0 = Release|Any CPU
		{FA2996C7-6F2F-48E0-9F82-86899741C5A7}.Debug|Any CPU.ActiveCfg = Debug|Any CPU
		{FA2996C7-6F2F-48E0-9F82-86899741C5A7}.Debug|Any CPU.Build.0 = Debug|Any CPU
		{FA2996C7-6F2F-48E0-9F82-86899741C5A7}.Release|Any CPU.ActiveCfg = Release|Any CPU
		{FA2996C7-6F2F-48E0-9F82-86899741C5A7}.Release|Any CPU.Build.0 = Release|Any CPU
		{20A096D7-8233-4D67-832C-DF9471D5CA17}.Debug|Any CPU.ActiveCfg = Debug|Any CPU
		{20A096D7-8233-4D67-832C-DF9471D5CA17}.Debug|Any CPU.Build.0 = Debug|Any CPU
		{20A096D7-8233-4D67-832C-DF9471D5CA17}.Release|Any CPU.ActiveCfg = Release|Any CPU
		{20A096D7-8233-4D67-832C-DF9471D5CA17}.Release|Any CPU.Build.0 = Release|Any CPU
		{0B8901A8-2A5F-4E9E-AD76-93373D98F878}.Debug|Any CPU.ActiveCfg = Debug|Any CPU
		{0B8901A8-2A5F-4E9E-AD76-93373D98F878}.Debug|Any CPU.Build.0 = Debug|Any CPU
		{0B8901A8-2A5F-4E9E-AD76-93373D98F878}.Release|Any CPU.ActiveCfg = Release|Any CPU
		{0B8901A8-2A5F-4E9E-AD76-93373D98F878}.Release|Any CPU.Build.0 = Release|Any CPU
		{EC220D43-DA69-44CF-80F2-731396EA69B3}.Debug|Any CPU.ActiveCfg = Debug|Any CPU
		{EC220D43-DA69-44CF-80F2-731396EA69B3}.Debug|Any CPU.Build.0 = Debug|Any CPU
		{EC220D43-DA69-44CF-80F2-731396EA69B3}.Release|Any CPU.ActiveCfg = Release|Any CPU
		{EC220D43-DA69-44CF-80F2-731396EA69B3}.Release|Any CPU.Build.0 = Release|Any CPU
		{2410F689-B02F-41FD-B5FD-E005D86D8E35}.Debug|Any CPU.ActiveCfg = Debug|Any CPU
		{2410F689-B02F-41FD-B5FD-E005D86D8E35}.Debug|Any CPU.Build.0 = Debug|Any CPU
		{2410F689-B02F-41FD-B5FD-E005D86D8E35}.Release|Any CPU.ActiveCfg = Release|Any CPU
		{2410F689-B02F-41FD-B5FD-E005D86D8E35}.Release|Any CPU.Build.0 = Release|Any CPU
		{EECE9CEA-98A7-44AB-9BA0-B0636413948A}.Debug|Any CPU.ActiveCfg = Debug|Any CPU
		{EECE9CEA-98A7-44AB-9BA0-B0636413948A}.Debug|Any CPU.Build.0 = Debug|Any CPU
		{EECE9CEA-98A7-44AB-9BA0-B0636413948A}.Release|Any CPU.ActiveCfg = Release|Any CPU
		{EECE9CEA-98A7-44AB-9BA0-B0636413948A}.Release|Any CPU.Build.0 = Release|Any CPU
		{197C51FF-CF01-4E2D-8696-990D47908977}.Debug|Any CPU.ActiveCfg = Debug|Any CPU
		{197C51FF-CF01-4E2D-8696-990D47908977}.Debug|Any CPU.Build.0 = Debug|Any CPU
		{197C51FF-CF01-4E2D-8696-990D47908977}.Release|Any CPU.ActiveCfg = Release|Any CPU
		{197C51FF-CF01-4E2D-8696-990D47908977}.Release|Any CPU.Build.0 = Release|Any CPU
		{54CBBF09-4BDB-4379-9EB7-49D8060362CC}.Debug|Any CPU.ActiveCfg = Debug|Any CPU
		{54CBBF09-4BDB-4379-9EB7-49D8060362CC}.Debug|Any CPU.Build.0 = Debug|Any CPU
		{54CBBF09-4BDB-4379-9EB7-49D8060362CC}.Release|Any CPU.ActiveCfg = Release|Any CPU
		{54CBBF09-4BDB-4379-9EB7-49D8060362CC}.Release|Any CPU.Build.0 = Release|Any CPU
		{C15DF2BC-5E22-41DA-845D-6354119642C7}.Debug|Any CPU.ActiveCfg = Debug|Any CPU
		{C15DF2BC-5E22-41DA-845D-6354119642C7}.Debug|Any CPU.Build.0 = Debug|Any CPU
		{C15DF2BC-5E22-41DA-845D-6354119642C7}.Release|Any CPU.ActiveCfg = Release|Any CPU
		{C15DF2BC-5E22-41DA-845D-6354119642C7}.Release|Any CPU.Build.0 = Release|Any CPU
		{C257A5EE-04B7-4725-9D6C-04541A3DA9E7}.Debug|Any CPU.ActiveCfg = Debug|Any CPU
		{C257A5EE-04B7-4725-9D6C-04541A3DA9E7}.Debug|Any CPU.Build.0 = Debug|Any CPU
		{C257A5EE-04B7-4725-9D6C-04541A3DA9E7}.Release|Any CPU.ActiveCfg = Release|Any CPU
		{C257A5EE-04B7-4725-9D6C-04541A3DA9E7}.Release|Any CPU.Build.0 = Release|Any CPU
		{EB9A8E7C-ECF4-4F51-9D3B-7A576E550205}.Debug|Any CPU.ActiveCfg = Debug|Any CPU
		{EB9A8E7C-ECF4-4F51-9D3B-7A576E550205}.Debug|Any CPU.Build.0 = Debug|Any CPU
		{EB9A8E7C-ECF4-4F51-9D3B-7A576E550205}.Release|Any CPU.ActiveCfg = Release|Any CPU
		{EB9A8E7C-ECF4-4F51-9D3B-7A576E550205}.Release|Any CPU.Build.0 = Release|Any CPU
		{F3041778-562A-4EAF-A7B3-6D0C38F1561C}.Debug|Any CPU.ActiveCfg = Debug|Any CPU
		{F3041778-562A-4EAF-A7B3-6D0C38F1561C}.Debug|Any CPU.Build.0 = Debug|Any CPU
		{F3041778-562A-4EAF-A7B3-6D0C38F1561C}.Release|Any CPU.ActiveCfg = Release|Any CPU
		{F3041778-562A-4EAF-A7B3-6D0C38F1561C}.Release|Any CPU.Build.0 = Release|Any CPU
		{E6C45AEC-74EE-4CDE-A715-F89305FF4F7D}.Debug|Any CPU.ActiveCfg = Debug|Any CPU
		{E6C45AEC-74EE-4CDE-A715-F89305FF4F7D}.Debug|Any CPU.Build.0 = Debug|Any CPU
		{E6C45AEC-74EE-4CDE-A715-F89305FF4F7D}.Release|Any CPU.ActiveCfg = Release|Any CPU
		{E6C45AEC-74EE-4CDE-A715-F89305FF4F7D}.Release|Any CPU.Build.0 = Release|Any CPU
		{A94ED373-FAF9-46C2-A1CA-A8E284A0D259}.Debug|Any CPU.ActiveCfg = Debug|Any CPU
		{A94ED373-FAF9-46C2-A1CA-A8E284A0D259}.Debug|Any CPU.Build.0 = Debug|Any CPU
		{A94ED373-FAF9-46C2-A1CA-A8E284A0D259}.Release|Any CPU.ActiveCfg = Release|Any CPU
		{A94ED373-FAF9-46C2-A1CA-A8E284A0D259}.Release|Any CPU.Build.0 = Release|Any CPU
		{7C976934-A532-45BC-B700-2B56B4C15FA8}.Debug|Any CPU.ActiveCfg = Debug|Any CPU
		{7C976934-A532-45BC-B700-2B56B4C15FA8}.Debug|Any CPU.Build.0 = Debug|Any CPU
		{7C976934-A532-45BC-B700-2B56B4C15FA8}.Release|Any CPU.ActiveCfg = Release|Any CPU
		{7C976934-A532-45BC-B700-2B56B4C15FA8}.Release|Any CPU.Build.0 = Release|Any CPU
		{306F710A-BCC2-4097-8C1A-9EF4E1288C90}.Debug|Any CPU.ActiveCfg = Debug|Any CPU
		{306F710A-BCC2-4097-8C1A-9EF4E1288C90}.Debug|Any CPU.Build.0 = Debug|Any CPU
		{306F710A-BCC2-4097-8C1A-9EF4E1288C90}.Release|Any CPU.ActiveCfg = Release|Any CPU
		{306F710A-BCC2-4097-8C1A-9EF4E1288C90}.Release|Any CPU.Build.0 = Release|Any CPU
		{DAAD2602-5773-41FE-8E92-242513438394}.Debug|Any CPU.ActiveCfg = Debug|Any CPU
		{DAAD2602-5773-41FE-8E92-242513438394}.Debug|Any CPU.Build.0 = Debug|Any CPU
		{DAAD2602-5773-41FE-8E92-242513438394}.Release|Any CPU.ActiveCfg = Release|Any CPU
		{DAAD2602-5773-41FE-8E92-242513438394}.Release|Any CPU.Build.0 = Release|Any CPU
		{AF0257CE-E173-4217-8DD1-9971CC9308C7}.Debug|Any CPU.ActiveCfg = Debug|Any CPU
		{AF0257CE-E173-4217-8DD1-9971CC9308C7}.Debug|Any CPU.Build.0 = Debug|Any CPU
		{AF0257CE-E173-4217-8DD1-9971CC9308C7}.Release|Any CPU.ActiveCfg = Release|Any CPU
		{AF0257CE-E173-4217-8DD1-9971CC9308C7}.Release|Any CPU.Build.0 = Release|Any CPU
		{1BF8A520-D4BB-410B-A6D1-C95405AFA189}.Debug|Any CPU.ActiveCfg = Debug|Any CPU
		{1BF8A520-D4BB-410B-A6D1-C95405AFA189}.Debug|Any CPU.Build.0 = Debug|Any CPU
		{1BF8A520-D4BB-410B-A6D1-C95405AFA189}.Release|Any CPU.ActiveCfg = Release|Any CPU
		{1BF8A520-D4BB-410B-A6D1-C95405AFA189}.Release|Any CPU.Build.0 = Release|Any CPU
		{E17D2397-F72C-46DA-AA03-D4E21C3DE315}.Debug|Any CPU.ActiveCfg = Debug|Any CPU
		{E17D2397-F72C-46DA-AA03-D4E21C3DE315}.Debug|Any CPU.Build.0 = Debug|Any CPU
		{E17D2397-F72C-46DA-AA03-D4E21C3DE315}.Release|Any CPU.ActiveCfg = Release|Any CPU
		{E17D2397-F72C-46DA-AA03-D4E21C3DE315}.Release|Any CPU.Build.0 = Release|Any CPU
		{77619C94-05B1-4A41-B765-C64FFA495417}.Debug|Any CPU.ActiveCfg = Debug|Any CPU
		{77619C94-05B1-4A41-B765-C64FFA495417}.Debug|Any CPU.Build.0 = Debug|Any CPU
		{77619C94-05B1-4A41-B765-C64FFA495417}.Release|Any CPU.ActiveCfg = Release|Any CPU
		{77619C94-05B1-4A41-B765-C64FFA495417}.Release|Any CPU.Build.0 = Release|Any CPU
		{22BF3C14-5818-47BE-9904-8DCC3555F1DE}.Debug|Any CPU.ActiveCfg = Debug|Any CPU
		{22BF3C14-5818-47BE-9904-8DCC3555F1DE}.Debug|Any CPU.Build.0 = Debug|Any CPU
		{22BF3C14-5818-47BE-9904-8DCC3555F1DE}.Release|Any CPU.ActiveCfg = Release|Any CPU
		{22BF3C14-5818-47BE-9904-8DCC3555F1DE}.Release|Any CPU.Build.0 = Release|Any CPU
		{8FE205F0-6391-4759-B3EF-54C3EEEB383F}.Debug|Any CPU.ActiveCfg = Debug|Any CPU
		{8FE205F0-6391-4759-B3EF-54C3EEEB383F}.Debug|Any CPU.Build.0 = Debug|Any CPU
		{8FE205F0-6391-4759-B3EF-54C3EEEB383F}.Release|Any CPU.ActiveCfg = Release|Any CPU
		{8FE205F0-6391-4759-B3EF-54C3EEEB383F}.Release|Any CPU.Build.0 = Release|Any CPU
		{EE7D35CA-01D4-44D9-8E5C-983750D3C854}.Debug|Any CPU.ActiveCfg = Debug|Any CPU
		{EE7D35CA-01D4-44D9-8E5C-983750D3C854}.Debug|Any CPU.Build.0 = Debug|Any CPU
		{EE7D35CA-01D4-44D9-8E5C-983750D3C854}.Release|Any CPU.ActiveCfg = Release|Any CPU
		{EE7D35CA-01D4-44D9-8E5C-983750D3C854}.Release|Any CPU.Build.0 = Release|Any CPU
		{ADA0D6DD-E800-41BC-B5D7-B5E62EE5A91B}.Debug|Any CPU.ActiveCfg = Debug|Any CPU
		{ADA0D6DD-E800-41BC-B5D7-B5E62EE5A91B}.Debug|Any CPU.Build.0 = Debug|Any CPU
		{ADA0D6DD-E800-41BC-B5D7-B5E62EE5A91B}.Release|Any CPU.ActiveCfg = Release|Any CPU
		{ADA0D6DD-E800-41BC-B5D7-B5E62EE5A91B}.Release|Any CPU.Build.0 = Release|Any CPU
		{9998B070-5618-49E8-B143-CC727B69B396}.Debug|Any CPU.ActiveCfg = Debug|Any CPU
		{9998B070-5618-49E8-B143-CC727B69B396}.Debug|Any CPU.Build.0 = Debug|Any CPU
		{9998B070-5618-49E8-B143-CC727B69B396}.Release|Any CPU.ActiveCfg = Release|Any CPU
		{9998B070-5618-49E8-B143-CC727B69B396}.Release|Any CPU.Build.0 = Release|Any CPU
		{FF8500AB-C86E-4D40-BCC6-C44879A0FE90}.Debug|Any CPU.ActiveCfg = Debug|Any CPU
		{FF8500AB-C86E-4D40-BCC6-C44879A0FE90}.Debug|Any CPU.Build.0 = Debug|Any CPU
		{FF8500AB-C86E-4D40-BCC6-C44879A0FE90}.Release|Any CPU.ActiveCfg = Release|Any CPU
		{FF8500AB-C86E-4D40-BCC6-C44879A0FE90}.Release|Any CPU.Build.0 = Release|Any CPU
		{A9D5B56C-1905-472D-BF13-65233BF72C4A}.Debug|Any CPU.ActiveCfg = Debug|Any CPU
		{A9D5B56C-1905-472D-BF13-65233BF72C4A}.Debug|Any CPU.Build.0 = Debug|Any CPU
		{A9D5B56C-1905-472D-BF13-65233BF72C4A}.Release|Any CPU.ActiveCfg = Release|Any CPU
		{A9D5B56C-1905-472D-BF13-65233BF72C4A}.Release|Any CPU.Build.0 = Release|Any CPU
		{83A7C3C4-1E7C-4D91-AA6E-10AE90CFAA34}.Debug|Any CPU.ActiveCfg = Debug|Any CPU
		{83A7C3C4-1E7C-4D91-AA6E-10AE90CFAA34}.Debug|Any CPU.Build.0 = Debug|Any CPU
		{83A7C3C4-1E7C-4D91-AA6E-10AE90CFAA34}.Release|Any CPU.ActiveCfg = Release|Any CPU
		{83A7C3C4-1E7C-4D91-AA6E-10AE90CFAA34}.Release|Any CPU.Build.0 = Release|Any CPU
		{0B8103A7-E25E-4CD2-8450-C32C1C50747D}.Debug|Any CPU.ActiveCfg = Debug|Any CPU
		{0B8103A7-E25E-4CD2-8450-C32C1C50747D}.Debug|Any CPU.Build.0 = Debug|Any CPU
		{0B8103A7-E25E-4CD2-8450-C32C1C50747D}.Release|Any CPU.ActiveCfg = Release|Any CPU
		{0B8103A7-E25E-4CD2-8450-C32C1C50747D}.Release|Any CPU.Build.0 = Release|Any CPU
		{051E8AD2-8E76-4356-8333-9D7B45432A64}.Debug|Any CPU.ActiveCfg = Debug|Any CPU
		{051E8AD2-8E76-4356-8333-9D7B45432A64}.Debug|Any CPU.Build.0 = Debug|Any CPU
		{051E8AD2-8E76-4356-8333-9D7B45432A64}.Release|Any CPU.ActiveCfg = Release|Any CPU
		{051E8AD2-8E76-4356-8333-9D7B45432A64}.Release|Any CPU.Build.0 = Release|Any CPU
		{85E25869-D089-4F49-A1D0-AB2F249EA8E6}.Debug|Any CPU.ActiveCfg = Debug|Any CPU
		{85E25869-D089-4F49-A1D0-AB2F249EA8E6}.Debug|Any CPU.Build.0 = Debug|Any CPU
		{85E25869-D089-4F49-A1D0-AB2F249EA8E6}.Release|Any CPU.ActiveCfg = Release|Any CPU
		{85E25869-D089-4F49-A1D0-AB2F249EA8E6}.Release|Any CPU.Build.0 = Release|Any CPU
		{392F27BA-3F9B-4392-AB72-0468B02D2119}.Debug|Any CPU.ActiveCfg = Debug|Any CPU
		{392F27BA-3F9B-4392-AB72-0468B02D2119}.Debug|Any CPU.Build.0 = Debug|Any CPU
		{392F27BA-3F9B-4392-AB72-0468B02D2119}.Release|Any CPU.ActiveCfg = Release|Any CPU
		{392F27BA-3F9B-4392-AB72-0468B02D2119}.Release|Any CPU.Build.0 = Release|Any CPU
		{806BACFF-88CF-4F11-A20E-AA6A97399744}.Debug|Any CPU.ActiveCfg = Debug|Any CPU
		{806BACFF-88CF-4F11-A20E-AA6A97399744}.Debug|Any CPU.Build.0 = Debug|Any CPU
		{806BACFF-88CF-4F11-A20E-AA6A97399744}.Release|Any CPU.ActiveCfg = Release|Any CPU
		{806BACFF-88CF-4F11-A20E-AA6A97399744}.Release|Any CPU.Build.0 = Release|Any CPU
		{422A4BFF-EF21-4294-BF03-449619F4BE17}.Debug|Any CPU.ActiveCfg = Debug|Any CPU
		{422A4BFF-EF21-4294-BF03-449619F4BE17}.Debug|Any CPU.Build.0 = Debug|Any CPU
		{422A4BFF-EF21-4294-BF03-449619F4BE17}.Release|Any CPU.ActiveCfg = Release|Any CPU
		{422A4BFF-EF21-4294-BF03-449619F4BE17}.Release|Any CPU.Build.0 = Release|Any CPU
		{2EEE92CE-446D-4927-804F-8E88E1B89E42}.Debug|Any CPU.ActiveCfg = Debug|Any CPU
		{2EEE92CE-446D-4927-804F-8E88E1B89E42}.Debug|Any CPU.Build.0 = Debug|Any CPU
		{2EEE92CE-446D-4927-804F-8E88E1B89E42}.Release|Any CPU.ActiveCfg = Release|Any CPU
		{2EEE92CE-446D-4927-804F-8E88E1B89E42}.Release|Any CPU.Build.0 = Release|Any CPU
		{6AB53B1F-25BA-4A94-9497-642F32203064}.Debug|Any CPU.ActiveCfg = Debug|Any CPU
		{6AB53B1F-25BA-4A94-9497-642F32203064}.Debug|Any CPU.Build.0 = Debug|Any CPU
		{6AB53B1F-25BA-4A94-9497-642F32203064}.Release|Any CPU.ActiveCfg = Release|Any CPU
		{6AB53B1F-25BA-4A94-9497-642F32203064}.Release|Any CPU.Build.0 = Release|Any CPU
		{F8820A71-FD87-4BF0-84F6-4CAD2ADDAE24}.Debug|Any CPU.ActiveCfg = Debug|Any CPU
		{F8820A71-FD87-4BF0-84F6-4CAD2ADDAE24}.Debug|Any CPU.Build.0 = Debug|Any CPU
		{F8820A71-FD87-4BF0-84F6-4CAD2ADDAE24}.Release|Any CPU.ActiveCfg = Release|Any CPU
		{F8820A71-FD87-4BF0-84F6-4CAD2ADDAE24}.Release|Any CPU.Build.0 = Release|Any CPU
		{4487AF63-92F3-4798-96CC-0D433C7866ED}.Debug|Any CPU.ActiveCfg = Debug|Any CPU
		{4487AF63-92F3-4798-96CC-0D433C7866ED}.Debug|Any CPU.Build.0 = Debug|Any CPU
		{4487AF63-92F3-4798-96CC-0D433C7866ED}.Release|Any CPU.ActiveCfg = Release|Any CPU
		{4487AF63-92F3-4798-96CC-0D433C7866ED}.Release|Any CPU.Build.0 = Release|Any CPU
		{136CC3E2-FA27-4EE5-9D12-E5A920B2787E}.Debug|Any CPU.ActiveCfg = Debug|Any CPU
		{136CC3E2-FA27-4EE5-9D12-E5A920B2787E}.Debug|Any CPU.Build.0 = Debug|Any CPU
		{136CC3E2-FA27-4EE5-9D12-E5A920B2787E}.Release|Any CPU.ActiveCfg = Release|Any CPU
		{136CC3E2-FA27-4EE5-9D12-E5A920B2787E}.Release|Any CPU.Build.0 = Release|Any CPU
		{4FD06F0D-1A64-45F6-8869-7DB70CA1FDEE}.Debug|Any CPU.ActiveCfg = Debug|Any CPU
		{4FD06F0D-1A64-45F6-8869-7DB70CA1FDEE}.Debug|Any CPU.Build.0 = Debug|Any CPU
		{4FD06F0D-1A64-45F6-8869-7DB70CA1FDEE}.Release|Any CPU.ActiveCfg = Release|Any CPU
		{4FD06F0D-1A64-45F6-8869-7DB70CA1FDEE}.Release|Any CPU.Build.0 = Release|Any CPU
		{FE703A6A-D815-4C8E-83A0-9DBCB862BB0A}.Debug|Any CPU.ActiveCfg = Debug|Any CPU
		{FE703A6A-D815-4C8E-83A0-9DBCB862BB0A}.Debug|Any CPU.Build.0 = Debug|Any CPU
		{FE703A6A-D815-4C8E-83A0-9DBCB862BB0A}.Release|Any CPU.ActiveCfg = Release|Any CPU
		{FE703A6A-D815-4C8E-83A0-9DBCB862BB0A}.Release|Any CPU.Build.0 = Release|Any CPU
		{9F613EAD-ECF3-4A79-BCE4-E880E660A425}.Debug|Any CPU.ActiveCfg = Debug|Any CPU
		{9F613EAD-ECF3-4A79-BCE4-E880E660A425}.Debug|Any CPU.Build.0 = Debug|Any CPU
		{9F613EAD-ECF3-4A79-BCE4-E880E660A425}.Release|Any CPU.ActiveCfg = Release|Any CPU
		{9F613EAD-ECF3-4A79-BCE4-E880E660A425}.Release|Any CPU.Build.0 = Release|Any CPU
		{3D8FF90F-E70E-465E-8CEC-5427414B2F4D}.Debug|Any CPU.ActiveCfg = Debug|Any CPU
		{3D8FF90F-E70E-465E-8CEC-5427414B2F4D}.Debug|Any CPU.Build.0 = Debug|Any CPU
		{3D8FF90F-E70E-465E-8CEC-5427414B2F4D}.Release|Any CPU.ActiveCfg = Release|Any CPU
		{3D8FF90F-E70E-465E-8CEC-5427414B2F4D}.Release|Any CPU.Build.0 = Release|Any CPU
		{B4B4CAA1-3FCD-4356-B7CF-B3C9B2066B9E}.Debug|Any CPU.ActiveCfg = Debug|Any CPU
		{B4B4CAA1-3FCD-4356-B7CF-B3C9B2066B9E}.Debug|Any CPU.Build.0 = Debug|Any CPU
		{B4B4CAA1-3FCD-4356-B7CF-B3C9B2066B9E}.Release|Any CPU.ActiveCfg = Release|Any CPU
		{B4B4CAA1-3FCD-4356-B7CF-B3C9B2066B9E}.Release|Any CPU.Build.0 = Release|Any CPU
		{E777B0D1-35B7-41CF-9C27-2AEBD6025B4A}.Debug|Any CPU.ActiveCfg = Debug|Any CPU
		{E777B0D1-35B7-41CF-9C27-2AEBD6025B4A}.Debug|Any CPU.Build.0 = Debug|Any CPU
		{E777B0D1-35B7-41CF-9C27-2AEBD6025B4A}.Release|Any CPU.ActiveCfg = Release|Any CPU
		{E777B0D1-35B7-41CF-9C27-2AEBD6025B4A}.Release|Any CPU.Build.0 = Release|Any CPU
		{E1582632-464E-4CA2-A765-892B4CE02645}.Debug|Any CPU.ActiveCfg = Debug|Any CPU
		{E1582632-464E-4CA2-A765-892B4CE02645}.Debug|Any CPU.Build.0 = Debug|Any CPU
		{E1582632-464E-4CA2-A765-892B4CE02645}.Release|Any CPU.ActiveCfg = Release|Any CPU
		{E1582632-464E-4CA2-A765-892B4CE02645}.Release|Any CPU.Build.0 = Release|Any CPU
		{1544B2B9-1280-4322-8742-07EB8BAA0F4D}.Debug|Any CPU.ActiveCfg = Debug|Any CPU
		{1544B2B9-1280-4322-8742-07EB8BAA0F4D}.Debug|Any CPU.Build.0 = Debug|Any CPU
		{1544B2B9-1280-4322-8742-07EB8BAA0F4D}.Release|Any CPU.ActiveCfg = Release|Any CPU
		{1544B2B9-1280-4322-8742-07EB8BAA0F4D}.Release|Any CPU.Build.0 = Release|Any CPU
		{9C3764DB-80EF-4E17-8757-E003349C2E87}.Debug|Any CPU.ActiveCfg = Debug|Any CPU
		{9C3764DB-80EF-4E17-8757-E003349C2E87}.Debug|Any CPU.Build.0 = Debug|Any CPU
		{9C3764DB-80EF-4E17-8757-E003349C2E87}.Release|Any CPU.ActiveCfg = Release|Any CPU
		{9C3764DB-80EF-4E17-8757-E003349C2E87}.Release|Any CPU.Build.0 = Release|Any CPU
		{1331D95C-ED48-4EE5-909A-0FE55DAAD428}.Debug|Any CPU.ActiveCfg = Debug|Any CPU
		{1331D95C-ED48-4EE5-909A-0FE55DAAD428}.Debug|Any CPU.Build.0 = Debug|Any CPU
		{1331D95C-ED48-4EE5-909A-0FE55DAAD428}.Release|Any CPU.ActiveCfg = Release|Any CPU
		{1331D95C-ED48-4EE5-909A-0FE55DAAD428}.Release|Any CPU.Build.0 = Release|Any CPU
		{EB2AE328-50AE-4F2D-A2D2-9E0E0BF000F9}.Debug|Any CPU.ActiveCfg = Debug|Any CPU
		{EB2AE328-50AE-4F2D-A2D2-9E0E0BF000F9}.Debug|Any CPU.Build.0 = Debug|Any CPU
		{EB2AE328-50AE-4F2D-A2D2-9E0E0BF000F9}.Release|Any CPU.ActiveCfg = Release|Any CPU
		{EB2AE328-50AE-4F2D-A2D2-9E0E0BF000F9}.Release|Any CPU.Build.0 = Release|Any CPU
		{254CC1C6-DCA1-4FC1-AD12-5F60A892B507}.Debug|Any CPU.ActiveCfg = Debug|Any CPU
		{254CC1C6-DCA1-4FC1-AD12-5F60A892B507}.Debug|Any CPU.Build.0 = Debug|Any CPU
		{254CC1C6-DCA1-4FC1-AD12-5F60A892B507}.Release|Any CPU.ActiveCfg = Release|Any CPU
		{254CC1C6-DCA1-4FC1-AD12-5F60A892B507}.Release|Any CPU.Build.0 = Release|Any CPU
		{1581B1C3-F618-4C69-8109-5AB970672408}.Debug|Any CPU.ActiveCfg = Debug|Any CPU
		{1581B1C3-F618-4C69-8109-5AB970672408}.Debug|Any CPU.Build.0 = Debug|Any CPU
		{1581B1C3-F618-4C69-8109-5AB970672408}.Release|Any CPU.ActiveCfg = Release|Any CPU
		{1581B1C3-F618-4C69-8109-5AB970672408}.Release|Any CPU.Build.0 = Release|Any CPU
		{4F8E3C39-3C7C-4875-A3C6-6B5436539F41}.Debug|Any CPU.ActiveCfg = Debug|Any CPU
		{4F8E3C39-3C7C-4875-A3C6-6B5436539F41}.Debug|Any CPU.Build.0 = Debug|Any CPU
		{4F8E3C39-3C7C-4875-A3C6-6B5436539F41}.Release|Any CPU.ActiveCfg = Release|Any CPU
		{4F8E3C39-3C7C-4875-A3C6-6B5436539F41}.Release|Any CPU.Build.0 = Release|Any CPU
		{DD1415A2-62BC-430F-A2D3-FDA7DD8E999C}.Debug|Any CPU.ActiveCfg = Debug|Any CPU
		{DD1415A2-62BC-430F-A2D3-FDA7DD8E999C}.Debug|Any CPU.Build.0 = Debug|Any CPU
		{DD1415A2-62BC-430F-A2D3-FDA7DD8E999C}.Release|Any CPU.ActiveCfg = Release|Any CPU
		{DD1415A2-62BC-430F-A2D3-FDA7DD8E999C}.Release|Any CPU.Build.0 = Release|Any CPU
		{A6ACBEA7-E2B6-43EA-994B-FEA9DFB54D4A}.Debug|Any CPU.ActiveCfg = Debug|Any CPU
		{A6ACBEA7-E2B6-43EA-994B-FEA9DFB54D4A}.Debug|Any CPU.Build.0 = Debug|Any CPU
		{A6ACBEA7-E2B6-43EA-994B-FEA9DFB54D4A}.Release|Any CPU.ActiveCfg = Release|Any CPU
		{A6ACBEA7-E2B6-43EA-994B-FEA9DFB54D4A}.Release|Any CPU.Build.0 = Release|Any CPU
		{4C8FDFEB-4965-4324-A8FB-8FB33E5CA80E}.Debug|Any CPU.ActiveCfg = Debug|Any CPU
		{4C8FDFEB-4965-4324-A8FB-8FB33E5CA80E}.Debug|Any CPU.Build.0 = Debug|Any CPU
		{4C8FDFEB-4965-4324-A8FB-8FB33E5CA80E}.Release|Any CPU.ActiveCfg = Release|Any CPU
		{4C8FDFEB-4965-4324-A8FB-8FB33E5CA80E}.Release|Any CPU.Build.0 = Release|Any CPU
		{A84CCB1D-D70C-4F9F-8C06-F8E778EE0018}.Debug|Any CPU.ActiveCfg = Debug|Any CPU
		{A84CCB1D-D70C-4F9F-8C06-F8E778EE0018}.Debug|Any CPU.Build.0 = Debug|Any CPU
		{A84CCB1D-D70C-4F9F-8C06-F8E778EE0018}.Release|Any CPU.ActiveCfg = Release|Any CPU
		{A84CCB1D-D70C-4F9F-8C06-F8E778EE0018}.Release|Any CPU.Build.0 = Release|Any CPU
		{2B98CBBF-0649-4BAB-916C-3F4DDA3A7DD8}.Debug|Any CPU.ActiveCfg = Debug|Any CPU
		{2B98CBBF-0649-4BAB-916C-3F4DDA3A7DD8}.Debug|Any CPU.Build.0 = Debug|Any CPU
		{2B98CBBF-0649-4BAB-916C-3F4DDA3A7DD8}.Release|Any CPU.ActiveCfg = Release|Any CPU
		{2B98CBBF-0649-4BAB-916C-3F4DDA3A7DD8}.Release|Any CPU.Build.0 = Release|Any CPU
		{E05720B8-877D-45A8-A794-1FA4B5421280}.Debug|Any CPU.ActiveCfg = Debug|Any CPU
		{E05720B8-877D-45A8-A794-1FA4B5421280}.Debug|Any CPU.Build.0 = Debug|Any CPU
		{E05720B8-877D-45A8-A794-1FA4B5421280}.Release|Any CPU.ActiveCfg = Release|Any CPU
		{E05720B8-877D-45A8-A794-1FA4B5421280}.Release|Any CPU.Build.0 = Release|Any CPU
		{68A3370B-72B6-4EFB-B897-93A55C372A8B}.Debug|Any CPU.ActiveCfg = Debug|Any CPU
		{68A3370B-72B6-4EFB-B897-93A55C372A8B}.Debug|Any CPU.Build.0 = Debug|Any CPU
		{68A3370B-72B6-4EFB-B897-93A55C372A8B}.Release|Any CPU.ActiveCfg = Release|Any CPU
		{68A3370B-72B6-4EFB-B897-93A55C372A8B}.Release|Any CPU.Build.0 = Release|Any CPU
		{E2FB391B-AA62-4139-920E-80ECC7B9B7D0}.Debug|Any CPU.ActiveCfg = Debug|Any CPU
		{E2FB391B-AA62-4139-920E-80ECC7B9B7D0}.Debug|Any CPU.Build.0 = Debug|Any CPU
		{E2FB391B-AA62-4139-920E-80ECC7B9B7D0}.Release|Any CPU.ActiveCfg = Release|Any CPU
		{E2FB391B-AA62-4139-920E-80ECC7B9B7D0}.Release|Any CPU.Build.0 = Release|Any CPU
		{17F94830-0854-4042-AE31-11039EDE86F8}.Debug|Any CPU.ActiveCfg = Debug|Any CPU
		{17F94830-0854-4042-AE31-11039EDE86F8}.Debug|Any CPU.Build.0 = Debug|Any CPU
		{17F94830-0854-4042-AE31-11039EDE86F8}.Release|Any CPU.ActiveCfg = Release|Any CPU
		{17F94830-0854-4042-AE31-11039EDE86F8}.Release|Any CPU.Build.0 = Release|Any CPU
		{F237EA98-3EF0-4D48-8C32-6FA61685899F}.Debug|Any CPU.ActiveCfg = Debug|Any CPU
		{F237EA98-3EF0-4D48-8C32-6FA61685899F}.Debug|Any CPU.Build.0 = Debug|Any CPU
		{F237EA98-3EF0-4D48-8C32-6FA61685899F}.Release|Any CPU.ActiveCfg = Release|Any CPU
		{F237EA98-3EF0-4D48-8C32-6FA61685899F}.Release|Any CPU.Build.0 = Release|Any CPU
		{83AD8007-2CE5-476E-9A7D-0617540B70EB}.Debug|Any CPU.ActiveCfg = Debug|Any CPU
		{83AD8007-2CE5-476E-9A7D-0617540B70EB}.Debug|Any CPU.Build.0 = Debug|Any CPU
		{83AD8007-2CE5-476E-9A7D-0617540B70EB}.Release|Any CPU.ActiveCfg = Release|Any CPU
		{83AD8007-2CE5-476E-9A7D-0617540B70EB}.Release|Any CPU.Build.0 = Release|Any CPU
		{F37EC63C-B557-4CAC-821F-4647335D505E}.Debug|Any CPU.ActiveCfg = Debug|Any CPU
		{F37EC63C-B557-4CAC-821F-4647335D505E}.Debug|Any CPU.Build.0 = Debug|Any CPU
		{F37EC63C-B557-4CAC-821F-4647335D505E}.Release|Any CPU.ActiveCfg = Release|Any CPU
		{F37EC63C-B557-4CAC-821F-4647335D505E}.Release|Any CPU.Build.0 = Release|Any CPU
		{07F715EB-6C25-4315-B00F-9D1F5AFB950E}.Debug|Any CPU.ActiveCfg = Debug|Any CPU
		{07F715EB-6C25-4315-B00F-9D1F5AFB950E}.Debug|Any CPU.Build.0 = Debug|Any CPU
		{07F715EB-6C25-4315-B00F-9D1F5AFB950E}.Release|Any CPU.ActiveCfg = Release|Any CPU
		{07F715EB-6C25-4315-B00F-9D1F5AFB950E}.Release|Any CPU.Build.0 = Release|Any CPU
		{9AD5BD9E-4784-45A2-991F-B7C9F5F6DEB6}.Debug|Any CPU.ActiveCfg = Debug|Any CPU
		{9AD5BD9E-4784-45A2-991F-B7C9F5F6DEB6}.Debug|Any CPU.Build.0 = Debug|Any CPU
		{9AD5BD9E-4784-45A2-991F-B7C9F5F6DEB6}.Release|Any CPU.ActiveCfg = Release|Any CPU
		{9AD5BD9E-4784-45A2-991F-B7C9F5F6DEB6}.Release|Any CPU.Build.0 = Release|Any CPU
		{4E457B80-8C44-4176-A8FB-D862632B2A1B}.Debug|Any CPU.ActiveCfg = Debug|Any CPU
		{4E457B80-8C44-4176-A8FB-D862632B2A1B}.Debug|Any CPU.Build.0 = Debug|Any CPU
		{4E457B80-8C44-4176-A8FB-D862632B2A1B}.Release|Any CPU.ActiveCfg = Release|Any CPU
		{4E457B80-8C44-4176-A8FB-D862632B2A1B}.Release|Any CPU.Build.0 = Release|Any CPU
		{972E4DFA-2E2A-4006-94C2-4372AFBBE1AC}.Debug|Any CPU.ActiveCfg = Debug|Any CPU
		{972E4DFA-2E2A-4006-94C2-4372AFBBE1AC}.Debug|Any CPU.Build.0 = Debug|Any CPU
		{972E4DFA-2E2A-4006-94C2-4372AFBBE1AC}.Release|Any CPU.ActiveCfg = Release|Any CPU
		{972E4DFA-2E2A-4006-94C2-4372AFBBE1AC}.Release|Any CPU.Build.0 = Release|Any CPU
		{E8694C8E-5202-44EB-96ED-93E74B4AFA5C}.Debug|Any CPU.ActiveCfg = Debug|Any CPU
		{E8694C8E-5202-44EB-96ED-93E74B4AFA5C}.Debug|Any CPU.Build.0 = Debug|Any CPU
		{E8694C8E-5202-44EB-96ED-93E74B4AFA5C}.Release|Any CPU.ActiveCfg = Release|Any CPU
		{E8694C8E-5202-44EB-96ED-93E74B4AFA5C}.Release|Any CPU.Build.0 = Release|Any CPU
		{0CD25B46-6A62-42A0-BDCE-404292DBBFB0}.Debug|Any CPU.ActiveCfg = Debug|Any CPU
		{0CD25B46-6A62-42A0-BDCE-404292DBBFB0}.Debug|Any CPU.Build.0 = Debug|Any CPU
		{0CD25B46-6A62-42A0-BDCE-404292DBBFB0}.Release|Any CPU.ActiveCfg = Release|Any CPU
		{0CD25B46-6A62-42A0-BDCE-404292DBBFB0}.Release|Any CPU.Build.0 = Release|Any CPU
		{ED3C3698-AA17-4EE2-B60A-6D1B6CAABFC0}.Debug|Any CPU.ActiveCfg = Debug|Any CPU
		{ED3C3698-AA17-4EE2-B60A-6D1B6CAABFC0}.Debug|Any CPU.Build.0 = Debug|Any CPU
		{ED3C3698-AA17-4EE2-B60A-6D1B6CAABFC0}.Release|Any CPU.ActiveCfg = Release|Any CPU
		{ED3C3698-AA17-4EE2-B60A-6D1B6CAABFC0}.Release|Any CPU.Build.0 = Release|Any CPU
		{3A26EA09-481C-4F87-B435-C96AA0CE214F}.Debug|Any CPU.ActiveCfg = Debug|Any CPU
		{3A26EA09-481C-4F87-B435-C96AA0CE214F}.Debug|Any CPU.Build.0 = Debug|Any CPU
		{3A26EA09-481C-4F87-B435-C96AA0CE214F}.Release|Any CPU.ActiveCfg = Release|Any CPU
		{3A26EA09-481C-4F87-B435-C96AA0CE214F}.Release|Any CPU.Build.0 = Release|Any CPU
		{FFC096A1-3C5D-4727-99A1-B94B92C58BC7}.Debug|Any CPU.ActiveCfg = Debug|Any CPU
		{FFC096A1-3C5D-4727-99A1-B94B92C58BC7}.Debug|Any CPU.Build.0 = Debug|Any CPU
		{FFC096A1-3C5D-4727-99A1-B94B92C58BC7}.Release|Any CPU.ActiveCfg = Release|Any CPU
		{FFC096A1-3C5D-4727-99A1-B94B92C58BC7}.Release|Any CPU.Build.0 = Release|Any CPU
		{93B390FB-4756-49AF-8D94-3D043846ADBD}.Debug|Any CPU.ActiveCfg = Debug|Any CPU
		{93B390FB-4756-49AF-8D94-3D043846ADBD}.Debug|Any CPU.Build.0 = Debug|Any CPU
		{93B390FB-4756-49AF-8D94-3D043846ADBD}.Release|Any CPU.ActiveCfg = Release|Any CPU
		{93B390FB-4756-49AF-8D94-3D043846ADBD}.Release|Any CPU.Build.0 = Release|Any CPU
		{E03B14E4-A666-47F0-94C0-FDAC0D0A3BD4}.Debug|Any CPU.ActiveCfg = Debug|Any CPU
		{E03B14E4-A666-47F0-94C0-FDAC0D0A3BD4}.Debug|Any CPU.Build.0 = Debug|Any CPU
		{E03B14E4-A666-47F0-94C0-FDAC0D0A3BD4}.Release|Any CPU.ActiveCfg = Release|Any CPU
		{E03B14E4-A666-47F0-94C0-FDAC0D0A3BD4}.Release|Any CPU.Build.0 = Release|Any CPU
		{6E84B6AB-F086-4926-9618-0D75BBD2D7CB}.Debug|Any CPU.ActiveCfg = Debug|Any CPU
		{6E84B6AB-F086-4926-9618-0D75BBD2D7CB}.Debug|Any CPU.Build.0 = Debug|Any CPU
		{6E84B6AB-F086-4926-9618-0D75BBD2D7CB}.Release|Any CPU.ActiveCfg = Release|Any CPU
		{6E84B6AB-F086-4926-9618-0D75BBD2D7CB}.Release|Any CPU.Build.0 = Release|Any CPU
		{F38AF7D1-3E5A-4E06-BE75-4D607A3013AC}.Debug|Any CPU.ActiveCfg = Debug|Any CPU
		{F38AF7D1-3E5A-4E06-BE75-4D607A3013AC}.Debug|Any CPU.Build.0 = Debug|Any CPU
		{F38AF7D1-3E5A-4E06-BE75-4D607A3013AC}.Release|Any CPU.ActiveCfg = Release|Any CPU
		{F38AF7D1-3E5A-4E06-BE75-4D607A3013AC}.Release|Any CPU.Build.0 = Release|Any CPU
		{9326561D-EBC4-433E-9ADA-B790373B1C26}.Debug|Any CPU.ActiveCfg = Debug|Any CPU
		{9326561D-EBC4-433E-9ADA-B790373B1C26}.Debug|Any CPU.Build.0 = Debug|Any CPU
		{9326561D-EBC4-433E-9ADA-B790373B1C26}.Release|Any CPU.ActiveCfg = Release|Any CPU
		{9326561D-EBC4-433E-9ADA-B790373B1C26}.Release|Any CPU.Build.0 = Release|Any CPU
		{E6326638-68E3-417A-BDBC-CEE4A7F2F452}.Debug|Any CPU.ActiveCfg = Debug|Any CPU
		{E6326638-68E3-417A-BDBC-CEE4A7F2F452}.Debug|Any CPU.Build.0 = Debug|Any CPU
		{E6326638-68E3-417A-BDBC-CEE4A7F2F452}.Release|Any CPU.ActiveCfg = Release|Any CPU
		{E6326638-68E3-417A-BDBC-CEE4A7F2F452}.Release|Any CPU.Build.0 = Release|Any CPU
		{8EC444C2-7E0E-4EDC-B84A-4F0713BAAE6F}.Debug|Any CPU.ActiveCfg = Debug|Any CPU
		{8EC444C2-7E0E-4EDC-B84A-4F0713BAAE6F}.Debug|Any CPU.Build.0 = Debug|Any CPU
		{8EC444C2-7E0E-4EDC-B84A-4F0713BAAE6F}.Release|Any CPU.ActiveCfg = Release|Any CPU
		{8EC444C2-7E0E-4EDC-B84A-4F0713BAAE6F}.Release|Any CPU.Build.0 = Release|Any CPU
		{26B10B9C-0B88-4187-B91E-1036931DC459}.Debug|Any CPU.ActiveCfg = Debug|Any CPU
		{26B10B9C-0B88-4187-B91E-1036931DC459}.Debug|Any CPU.Build.0 = Debug|Any CPU
		{26B10B9C-0B88-4187-B91E-1036931DC459}.Release|Any CPU.ActiveCfg = Release|Any CPU
		{26B10B9C-0B88-4187-B91E-1036931DC459}.Release|Any CPU.Build.0 = Release|Any CPU
		{3AA557F8-5F83-46CE-8F1D-3EA674F684B6}.Debug|Any CPU.ActiveCfg = Debug|Any CPU
		{3AA557F8-5F83-46CE-8F1D-3EA674F684B6}.Debug|Any CPU.Build.0 = Debug|Any CPU
		{3AA557F8-5F83-46CE-8F1D-3EA674F684B6}.Release|Any CPU.ActiveCfg = Release|Any CPU
		{3AA557F8-5F83-46CE-8F1D-3EA674F684B6}.Release|Any CPU.Build.0 = Release|Any CPU
		{0322308D-9AE9-4C43-9905-92D7D28F0B87}.Debug|Any CPU.ActiveCfg = Debug|Any CPU
		{0322308D-9AE9-4C43-9905-92D7D28F0B87}.Debug|Any CPU.Build.0 = Debug|Any CPU
		{0322308D-9AE9-4C43-9905-92D7D28F0B87}.Release|Any CPU.ActiveCfg = Release|Any CPU
		{0322308D-9AE9-4C43-9905-92D7D28F0B87}.Release|Any CPU.Build.0 = Release|Any CPU
		{5B8B655E-1BEE-4D0D-85B7-8E47B092FE42}.Debug|Any CPU.ActiveCfg = Debug|Any CPU
		{5B8B655E-1BEE-4D0D-85B7-8E47B092FE42}.Debug|Any CPU.Build.0 = Debug|Any CPU
		{5B8B655E-1BEE-4D0D-85B7-8E47B092FE42}.Release|Any CPU.ActiveCfg = Release|Any CPU
		{5B8B655E-1BEE-4D0D-85B7-8E47B092FE42}.Release|Any CPU.Build.0 = Release|Any CPU
		{F9ABBB44-ED44-41D2-83CC-3982F636E4FB}.Debug|Any CPU.ActiveCfg = Debug|Any CPU
		{F9ABBB44-ED44-41D2-83CC-3982F636E4FB}.Debug|Any CPU.Build.0 = Debug|Any CPU
		{F9ABBB44-ED44-41D2-83CC-3982F636E4FB}.Release|Any CPU.ActiveCfg = Release|Any CPU
		{F9ABBB44-ED44-41D2-83CC-3982F636E4FB}.Release|Any CPU.Build.0 = Release|Any CPU
	EndGlobalSection
	GlobalSection(SolutionProperties) = preSolution
		HideSolutionNode = FALSE
	EndGlobalSection
	GlobalSection(NestedProjects) = preSolution
		{679C3497-CA55-4172-943B-1FF892D44F6A} = {2A3DD6DC-687C-4633-9462-66163EF2D6D6}
		{FB0C1501-1520-4B14-9549-6C05BA9800DC} = {2A3DD6DC-687C-4633-9462-66163EF2D6D6}
		{F8C124BC-BF86-4FCA-872A-A691BA327E3D} = {2A3DD6DC-687C-4633-9462-66163EF2D6D6}
		{CC33A6F7-3E6B-4607-9F75-0771BCA6D844} = {2A3DD6DC-687C-4633-9462-66163EF2D6D6}
		{EBED20A7-1311-4F67-A13F-F587628DE642} = {2A3DD6DC-687C-4633-9462-66163EF2D6D6}
		{200EDB74-7653-4B9B-98DB-6D4B9D02AB3B} = {2A3DD6DC-687C-4633-9462-66163EF2D6D6}
		{667A288C-40BB-4846-9634-FB6F4B0DEB45} = {2A3DD6DC-687C-4633-9462-66163EF2D6D6}
		{A90BAB70-2FC5-4B8E-A299-0677C347C291} = {2A3DD6DC-687C-4633-9462-66163EF2D6D6}
		{33D4C130-86DD-4D78-AAA7-785FC046F9E4} = {2A3DD6DC-687C-4633-9462-66163EF2D6D6}
		{BDB07AC6-9C2A-4B9D-A2BE-0DF8C9E4419E} = {2A3DD6DC-687C-4633-9462-66163EF2D6D6}
		{A3C55F75-610F-450D-905C-960B9ADE0D15} = {2A3DD6DC-687C-4633-9462-66163EF2D6D6}
		{9B8CE8B3-1137-4553-AFE4-4B9F72E082BF} = {2A3DD6DC-687C-4633-9462-66163EF2D6D6}
		{1663F9CE-A148-43A1-BDF8-2E28D5A5EDB3} = {2A3DD6DC-687C-4633-9462-66163EF2D6D6}
		{38302525-730B-436F-AC06-8F768CD97C00} = {2A3DD6DC-687C-4633-9462-66163EF2D6D6}
		{FA2996C7-6F2F-48E0-9F82-86899741C5A7} = {2A3DD6DC-687C-4633-9462-66163EF2D6D6}
		{20A096D7-8233-4D67-832C-DF9471D5CA17} = {2A3DD6DC-687C-4633-9462-66163EF2D6D6}
		{0B8901A8-2A5F-4E9E-AD76-93373D98F878} = {2A3DD6DC-687C-4633-9462-66163EF2D6D6}
		{EC220D43-DA69-44CF-80F2-731396EA69B3} = {2A3DD6DC-687C-4633-9462-66163EF2D6D6}
		{2410F689-B02F-41FD-B5FD-E005D86D8E35} = {2A3DD6DC-687C-4633-9462-66163EF2D6D6}
		{EECE9CEA-98A7-44AB-9BA0-B0636413948A} = {2A3DD6DC-687C-4633-9462-66163EF2D6D6}
		{197C51FF-CF01-4E2D-8696-990D47908977} = {2A3DD6DC-687C-4633-9462-66163EF2D6D6}
		{54CBBF09-4BDB-4379-9EB7-49D8060362CC} = {2A3DD6DC-687C-4633-9462-66163EF2D6D6}
		{C15DF2BC-5E22-41DA-845D-6354119642C7} = {2A3DD6DC-687C-4633-9462-66163EF2D6D6}
		{C257A5EE-04B7-4725-9D6C-04541A3DA9E7} = {2A3DD6DC-687C-4633-9462-66163EF2D6D6}
		{EB9A8E7C-ECF4-4F51-9D3B-7A576E550205} = {2A3DD6DC-687C-4633-9462-66163EF2D6D6}
		{F3041778-562A-4EAF-A7B3-6D0C38F1561C} = {2A3DD6DC-687C-4633-9462-66163EF2D6D6}
		{E6C45AEC-74EE-4CDE-A715-F89305FF4F7D} = {2A3DD6DC-687C-4633-9462-66163EF2D6D6}
		{A94ED373-FAF9-46C2-A1CA-A8E284A0D259} = {2A3DD6DC-687C-4633-9462-66163EF2D6D6}
		{7C976934-A532-45BC-B700-2B56B4C15FA8} = {2A3DD6DC-687C-4633-9462-66163EF2D6D6}
		{306F710A-BCC2-4097-8C1A-9EF4E1288C90} = {2A3DD6DC-687C-4633-9462-66163EF2D6D6}
		{DAAD2602-5773-41FE-8E92-242513438394} = {2A3DD6DC-687C-4633-9462-66163EF2D6D6}
		{AF0257CE-E173-4217-8DD1-9971CC9308C7} = {2A3DD6DC-687C-4633-9462-66163EF2D6D6}
		{1BF8A520-D4BB-410B-A6D1-C95405AFA189} = {2A3DD6DC-687C-4633-9462-66163EF2D6D6}
		{E17D2397-F72C-46DA-AA03-D4E21C3DE315} = {2A3DD6DC-687C-4633-9462-66163EF2D6D6}
		{77619C94-05B1-4A41-B765-C64FFA495417} = {2A3DD6DC-687C-4633-9462-66163EF2D6D6}
		{22BF3C14-5818-47BE-9904-8DCC3555F1DE} = {2A3DD6DC-687C-4633-9462-66163EF2D6D6}
		{8FE205F0-6391-4759-B3EF-54C3EEEB383F} = {2A3DD6DC-687C-4633-9462-66163EF2D6D6}
		{EE7D35CA-01D4-44D9-8E5C-983750D3C854} = {2A3DD6DC-687C-4633-9462-66163EF2D6D6}
		{ADA0D6DD-E800-41BC-B5D7-B5E62EE5A91B} = {2A3DD6DC-687C-4633-9462-66163EF2D6D6}
		{9998B070-5618-49E8-B143-CC727B69B396} = {2A3DD6DC-687C-4633-9462-66163EF2D6D6}
		{FF8500AB-C86E-4D40-BCC6-C44879A0FE90} = {2A3DD6DC-687C-4633-9462-66163EF2D6D6}
		{A9D5B56C-1905-472D-BF13-65233BF72C4A} = {2A3DD6DC-687C-4633-9462-66163EF2D6D6}
		{83A7C3C4-1E7C-4D91-AA6E-10AE90CFAA34} = {2A3DD6DC-687C-4633-9462-66163EF2D6D6}
		{0B8103A7-E25E-4CD2-8450-C32C1C50747D} = {2A3DD6DC-687C-4633-9462-66163EF2D6D6}
		{051E8AD2-8E76-4356-8333-9D7B45432A64} = {2A3DD6DC-687C-4633-9462-66163EF2D6D6}
		{85E25869-D089-4F49-A1D0-AB2F249EA8E6} = {2A3DD6DC-687C-4633-9462-66163EF2D6D6}
		{392F27BA-3F9B-4392-AB72-0468B02D2119} = {2A3DD6DC-687C-4633-9462-66163EF2D6D6}
		{806BACFF-88CF-4F11-A20E-AA6A97399744} = {2A3DD6DC-687C-4633-9462-66163EF2D6D6}
		{422A4BFF-EF21-4294-BF03-449619F4BE17} = {2A3DD6DC-687C-4633-9462-66163EF2D6D6}
		{2EEE92CE-446D-4927-804F-8E88E1B89E42} = {2A3DD6DC-687C-4633-9462-66163EF2D6D6}
		{6AB53B1F-25BA-4A94-9497-642F32203064} = {2A3DD6DC-687C-4633-9462-66163EF2D6D6}
		{F8820A71-FD87-4BF0-84F6-4CAD2ADDAE24} = {2A3DD6DC-687C-4633-9462-66163EF2D6D6}
		{4487AF63-92F3-4798-96CC-0D433C7866ED} = {2A3DD6DC-687C-4633-9462-66163EF2D6D6}
		{136CC3E2-FA27-4EE5-9D12-E5A920B2787E} = {2A3DD6DC-687C-4633-9462-66163EF2D6D6}
		{4FD06F0D-1A64-45F6-8869-7DB70CA1FDEE} = {2A3DD6DC-687C-4633-9462-66163EF2D6D6}
		{FE703A6A-D815-4C8E-83A0-9DBCB862BB0A} = {2A3DD6DC-687C-4633-9462-66163EF2D6D6}
		{9F613EAD-ECF3-4A79-BCE4-E880E660A425} = {2A3DD6DC-687C-4633-9462-66163EF2D6D6}
		{3D8FF90F-E70E-465E-8CEC-5427414B2F4D} = {2A3DD6DC-687C-4633-9462-66163EF2D6D6}
		{B4B4CAA1-3FCD-4356-B7CF-B3C9B2066B9E} = {2A3DD6DC-687C-4633-9462-66163EF2D6D6}
		{E777B0D1-35B7-41CF-9C27-2AEBD6025B4A} = {2A3DD6DC-687C-4633-9462-66163EF2D6D6}
		{E1582632-464E-4CA2-A765-892B4CE02645} = {2A3DD6DC-687C-4633-9462-66163EF2D6D6}
		{1544B2B9-1280-4322-8742-07EB8BAA0F4D} = {2A3DD6DC-687C-4633-9462-66163EF2D6D6}
		{9C3764DB-80EF-4E17-8757-E003349C2E87} = {2A3DD6DC-687C-4633-9462-66163EF2D6D6}
		{1331D95C-ED48-4EE5-909A-0FE55DAAD428} = {2A3DD6DC-687C-4633-9462-66163EF2D6D6}
		{EB2AE328-50AE-4F2D-A2D2-9E0E0BF000F9} = {2A3DD6DC-687C-4633-9462-66163EF2D6D6}
		{254CC1C6-DCA1-4FC1-AD12-5F60A892B507} = {2A3DD6DC-687C-4633-9462-66163EF2D6D6}
		{1581B1C3-F618-4C69-8109-5AB970672408} = {2A3DD6DC-687C-4633-9462-66163EF2D6D6}
		{4F8E3C39-3C7C-4875-A3C6-6B5436539F41} = {2A3DD6DC-687C-4633-9462-66163EF2D6D6}
		{DD1415A2-62BC-430F-A2D3-FDA7DD8E999C} = {2A3DD6DC-687C-4633-9462-66163EF2D6D6}
		{A6ACBEA7-E2B6-43EA-994B-FEA9DFB54D4A} = {2A3DD6DC-687C-4633-9462-66163EF2D6D6}
		{4C8FDFEB-4965-4324-A8FB-8FB33E5CA80E} = {2A3DD6DC-687C-4633-9462-66163EF2D6D6}
		{A84CCB1D-D70C-4F9F-8C06-F8E778EE0018} = {2A3DD6DC-687C-4633-9462-66163EF2D6D6}
		{2B98CBBF-0649-4BAB-916C-3F4DDA3A7DD8} = {2A3DD6DC-687C-4633-9462-66163EF2D6D6}
		{E05720B8-877D-45A8-A794-1FA4B5421280} = {2A3DD6DC-687C-4633-9462-66163EF2D6D6}
		{68A3370B-72B6-4EFB-B897-93A55C372A8B} = {2A3DD6DC-687C-4633-9462-66163EF2D6D6}
		{E2FB391B-AA62-4139-920E-80ECC7B9B7D0} = {2A3DD6DC-687C-4633-9462-66163EF2D6D6}
		{17F94830-0854-4042-AE31-11039EDE86F8} = {2A3DD6DC-687C-4633-9462-66163EF2D6D6}
		{F237EA98-3EF0-4D48-8C32-6FA61685899F} = {2A3DD6DC-687C-4633-9462-66163EF2D6D6}
		{83AD8007-2CE5-476E-9A7D-0617540B70EB} = {2A3DD6DC-687C-4633-9462-66163EF2D6D6}
		{F37EC63C-B557-4CAC-821F-4647335D505E} = {2A3DD6DC-687C-4633-9462-66163EF2D6D6}
		{07F715EB-6C25-4315-B00F-9D1F5AFB950E} = {2A3DD6DC-687C-4633-9462-66163EF2D6D6}
		{9AD5BD9E-4784-45A2-991F-B7C9F5F6DEB6} = {2A3DD6DC-687C-4633-9462-66163EF2D6D6}
		{4E457B80-8C44-4176-A8FB-D862632B2A1B} = {2A3DD6DC-687C-4633-9462-66163EF2D6D6}
		{972E4DFA-2E2A-4006-94C2-4372AFBBE1AC} = {2A3DD6DC-687C-4633-9462-66163EF2D6D6}
		{E8694C8E-5202-44EB-96ED-93E74B4AFA5C} = {2A3DD6DC-687C-4633-9462-66163EF2D6D6}
		{0CD25B46-6A62-42A0-BDCE-404292DBBFB0} = {2A3DD6DC-687C-4633-9462-66163EF2D6D6}
		{ED3C3698-AA17-4EE2-B60A-6D1B6CAABFC0} = {2A3DD6DC-687C-4633-9462-66163EF2D6D6}
		{3A26EA09-481C-4F87-B435-C96AA0CE214F} = {2A3DD6DC-687C-4633-9462-66163EF2D6D6}
		{FFC096A1-3C5D-4727-99A1-B94B92C58BC7} = {2A3DD6DC-687C-4633-9462-66163EF2D6D6}
		{93B390FB-4756-49AF-8D94-3D043846ADBD} = {2A3DD6DC-687C-4633-9462-66163EF2D6D6}
		{E03B14E4-A666-47F0-94C0-FDAC0D0A3BD4} = {2A3DD6DC-687C-4633-9462-66163EF2D6D6}
		{6E84B6AB-F086-4926-9618-0D75BBD2D7CB} = {2A3DD6DC-687C-4633-9462-66163EF2D6D6}
		{F38AF7D1-3E5A-4E06-BE75-4D607A3013AC} = {2A3DD6DC-687C-4633-9462-66163EF2D6D6}
		{9326561D-EBC4-433E-9ADA-B790373B1C26} = {2A3DD6DC-687C-4633-9462-66163EF2D6D6}
		{E6326638-68E3-417A-BDBC-CEE4A7F2F452} = {2A3DD6DC-687C-4633-9462-66163EF2D6D6}
		{8EC444C2-7E0E-4EDC-B84A-4F0713BAAE6F} = {2A3DD6DC-687C-4633-9462-66163EF2D6D6}
		{26B10B9C-0B88-4187-B91E-1036931DC459} = {2A3DD6DC-687C-4633-9462-66163EF2D6D6}
		{3AA557F8-5F83-46CE-8F1D-3EA674F684B6} = {2A3DD6DC-687C-4633-9462-66163EF2D6D6}
		{0322308D-9AE9-4C43-9905-92D7D28F0B87} = {2A3DD6DC-687C-4633-9462-66163EF2D6D6}
		{5B8B655E-1BEE-4D0D-85B7-8E47B092FE42} = {2A3DD6DC-687C-4633-9462-66163EF2D6D6}
		{F9ABBB44-ED44-41D2-83CC-3982F636E4FB} = {2A3DD6DC-687C-4633-9462-66163EF2D6D6}
	EndGlobalSection
	GlobalSection(ExtensibilityGlobals) = postSolution
		SolutionGuid = {E30F1218-A56F-4FF1-A711-B1A12D158523}
	EndGlobalSection
EndGlobal
