
Microsoft Visual Studio Solution File, Format Version 12.00
# Visual Studio Version 17
VisualStudioVersion = 17.2.32630.192
MinimumVisualStudioVersion = 10.0.40219.1
Project("{9A19103F-16F7-4668-BE54-9A1E7A4F7556}") = "R5T.S0069", "R5T.S0069\R5T.S0069.csproj", "{3360FC64-820C-4EB0-9B25-522C31F9F0D0}"
EndProject
Project("{2150E333-8FDC-42A3-9474-1A3956D46DE8}") = "_Dependencies", "_Dependencies", "{2A3DD6DC-687C-4633-9462-66163EF2D6D6}"
EndProject
Project("{9A19103F-16F7-4668-BE54-9A1E7A4F7556}") = "R5T.F0000", "..\..\R5T.F0000\source\R5T.F0000\R5T.F0000.csproj", "{679C3497-CA55-4172-943B-1FF892D44F6A}"
EndProject
Project("{9A19103F-16F7-4668-BE54-9A1E7A4F7556}") = "R5T.F0002", "..\..\R5T.F0002\source\R5T.F0002\R5T.F0002.csproj", "{FB0C1501-1520-4B14-9549-6C05BA9800DC}"
EndProject
Project("{9A19103F-16F7-4668-BE54-9A1E7A4F7556}") = "R5T.F0120", "..\..\R5T.F0120\source\R5T.F0120\R5T.F0120.csproj", "{F8C124BC-BF86-4FCA-872A-A691BA327E3D}"
EndProject
Project("{9A19103F-16F7-4668-BE54-9A1E7A4F7556}") = "R5T.L0030.T000", "..\..\R5T.L0030\source\R5T.L0030.T000\R5T.L0030.T000.csproj", "{CC33A6F7-3E6B-4607-9F75-0771BCA6D844}"
EndProject
Project("{9A19103F-16F7-4668-BE54-9A1E7A4F7556}") = "R5T.L0030", "..\..\R5T.L0030\source\R5T.L0030\R5T.L0030.csproj", "{EBED20A7-1311-4F67-A13F-F587628DE642}"
EndProject
Project("{9A19103F-16F7-4668-BE54-9A1E7A4F7556}") = "R5T.T0131", "..\..\R5T.T0131\source\R5T.T0131\R5T.T0131.csproj", "{200EDB74-7653-4B9B-98DB-6D4B9D02AB3B}"
EndProject
Project("{9A19103F-16F7-4668-BE54-9A1E7A4F7556}") = "R5T.T0132", "..\..\R5T.T0132\source\R5T.T0132\R5T.T0132.csproj", "{667A288C-40BB-4846-9634-FB6F4B0DEB45}"
EndProject
Project("{9A19103F-16F7-4668-BE54-9A1E7A4F7556}") = "R5T.T0142", "..\..\R5T.T0142\source\R5T.T0142\R5T.T0142.csproj", "{A90BAB70-2FC5-4B8E-A299-0677C347C291}"
EndProject
Project("{9A19103F-16F7-4668-BE54-9A1E7A4F7556}") = "R5T.T0143", "..\..\R5T.T0143\source\R5T.T0143\R5T.T0143.csproj", "{33D4C130-86DD-4D78-AAA7-785FC046F9E4}"
EndProject
Project("{9A19103F-16F7-4668-BE54-9A1E7A4F7556}") = "R5T.T0156", "..\..\R5T.T0156\source\R5T.T0156\R5T.T0156.csproj", "{BDB07AC6-9C2A-4B9D-A2BE-0DF8C9E4419E}"
EndProject
Project("{9A19103F-16F7-4668-BE54-9A1E7A4F7556}") = "R5T.T0178", "..\..\R5T.T0178\source\R5T.T0178\R5T.T0178.csproj", "{A3C55F75-610F-450D-905C-960B9ADE0D15}"
EndProject
Project("{9A19103F-16F7-4668-BE54-9A1E7A4F7556}") = "R5T.T0179", "..\..\R5T.T0179\source\R5T.T0179\R5T.T0179.csproj", "{9B8CE8B3-1137-4553-AFE4-4B9F72E082BF}"
EndProject
Project("{9A19103F-16F7-4668-BE54-9A1E7A4F7556}") = "R5T.T0180", "..\..\R5T.T0180\source\R5T.T0180\R5T.T0180.csproj", "{1663F9CE-A148-43A1-BDF8-2E28D5A5EDB3}"
EndProject
Project("{9A19103F-16F7-4668-BE54-9A1E7A4F7556}") = "R5T.T0181", "..\..\R5T.T0181\source\R5T.T0181\R5T.T0181.csproj", "{38302525-730B-436F-AC06-8F768CD97C00}"
EndProject
Project("{9A19103F-16F7-4668-BE54-9A1E7A4F7556}") = "R5T.Y0000", "..\..\R5T.Y0000\source\R5T.Y0000\R5T.Y0000.csproj", "{FA2996C7-6F2F-48E0-9F82-86899741C5A7}"
EndProject
Project("{9A19103F-16F7-4668-BE54-9A1E7A4F7556}") = "R5T.Z0000", "..\..\R5T.Z0000\source\R5T.Z0000\R5T.Z0000.csproj", "{20A096D7-8233-4D67-832C-DF9471D5CA17}"
EndProject
Project("{9A19103F-16F7-4668-BE54-9A1E7A4F7556}") = "R5T.T0185", "..\..\R5T.T0185\source\R5T.T0185\R5T.T0185.csproj", "{0B8901A8-2A5F-4E9E-AD76-93373D98F878}"
EndProject
Project("{9A19103F-16F7-4668-BE54-9A1E7A4F7556}") = "R5T.T0203", "..\..\R5T.T0203\source\R5T.T0203\R5T.T0203.csproj", "{EC220D43-DA69-44CF-80F2-731396EA69B3}"
EndProject
Project("{9A19103F-16F7-4668-BE54-9A1E7A4F7556}") = "R5T.F0124", "..\..\R5T.F0124\source\R5T.F0124\R5T.F0124.csproj", "{2410F689-B02F-41FD-B5FD-E005D86D8E35}"
EndProject
Project("{9A19103F-16F7-4668-BE54-9A1E7A4F7556}") = "R5T.F0125", "..\..\R5T.F0125\source\R5T.F0125\R5T.F0125.csproj", "{EECE9CEA-98A7-44AB-9BA0-B0636413948A}"
EndProject
Project("{9A19103F-16F7-4668-BE54-9A1E7A4F7556}") = "R5T.L0034", "..\..\R5T.L0034\source\R5T.L0034\R5T.L0034.csproj", "{197C51FF-CF01-4E2D-8696-990D47908977}"
EndProject
Project("{9A19103F-16F7-4668-BE54-9A1E7A4F7556}") = "R5T.L0035", "..\..\R5T.L0035\source\R5T.L0035\R5T.L0035.csproj", "{54CBBF09-4BDB-4379-9EB7-49D8060362CC}"
EndProject
Project("{9A19103F-16F7-4668-BE54-9A1E7A4F7556}") = "R5T.T0174", "..\..\R5T.T0174\source\R5T.T0174\R5T.T0174.csproj", "{C15DF2BC-5E22-41DA-845D-6354119642C7}"
EndProject
Project("{9A19103F-16F7-4668-BE54-9A1E7A4F7556}") = "R5T.T0176", "..\..\R5T.T0176\source\R5T.T0176\R5T.T0176.csproj", "{C257A5EE-04B7-4725-9D6C-04541A3DA9E7}"
EndProject
Project("{9A19103F-16F7-4668-BE54-9A1E7A4F7556}") = "R5T.T0177", "..\..\R5T.T0177\source\R5T.T0177\R5T.T0177.csproj", "{EB9A8E7C-ECF4-4F51-9D3B-7A576E550205}"
EndProject
Project("{9A19103F-16F7-4668-BE54-9A1E7A4F7556}") = "R5T.Z0049.Z001", "..\..\R5T.Z0049\source\R5T.Z0049.Z001\R5T.Z0049.Z001.csproj", "{F3041778-562A-4EAF-A7B3-6D0C38F1561C}"
EndProject
Project("{9A19103F-16F7-4668-BE54-9A1E7A4F7556}") = "R5T.Z0049.Z002", "..\..\R5T.Z0049\source\R5T.Z0049.Z002\R5T.Z0049.Z002.csproj", "{E6C45AEC-74EE-4CDE-A715-F89305FF4F7D}"
EndProject
Project("{9A19103F-16F7-4668-BE54-9A1E7A4F7556}") = "R5T.Z0049", "..\..\R5T.Z0049\source\R5T.Z0049\R5T.Z0049.csproj", "{A94ED373-FAF9-46C2-A1CA-A8E284A0D259}"
EndProject
Project("{9A19103F-16F7-4668-BE54-9A1E7A4F7556}") = "R5T.T0141", "..\..\R5T.T0141\source\R5T.T0141\R5T.T0141.csproj", "{7C976934-A532-45BC-B700-2B56B4C15FA8}"
EndProject
Global
	GlobalSection(NestedProjects) = preSolution
		{679C3497-CA55-4172-943B-1FF892D44F6A} = {2A3DD6DC-687C-4633-9462-66163EF2D6D6}
		{FB0C1501-1520-4B14-9549-6C05BA9800DC} = {2A3DD6DC-687C-4633-9462-66163EF2D6D6}
		{F8C124BC-BF86-4FCA-872A-A691BA327E3D} = {2A3DD6DC-687C-4633-9462-66163EF2D6D6}
		{CC33A6F7-3E6B-4607-9F75-0771BCA6D844} = {2A3DD6DC-687C-4633-9462-66163EF2D6D6}
		{EBED20A7-1311-4F67-A13F-F587628DE642} = {2A3DD6DC-687C-4633-9462-66163EF2D6D6}
		{200EDB74-7653-4B9B-98DB-6D4B9D02AB3B} = {2A3DD6DC-687C-4633-9462-66163EF2D6D6}
		{667A288C-40BB-4846-9634-FB6F4B0DEB45} = {2A3DD6DC-687C-4633-9462-66163EF2D6D6}
		{A90BAB70-2FC5-4B8E-A299-0677C347C291} = {2A3DD6DC-687C-4633-9462-66163EF2D6D6}
		{33D4C130-86DD-4D78-AAA7-785FC046F9E4} = {2A3DD6DC-687C-4633-9462-66163EF2D6D6}
		{BDB07AC6-9C2A-4B9D-A2BE-0DF8C9E4419E} = {2A3DD6DC-687C-4633-9462-66163EF2D6D6}
		{A3C55F75-610F-450D-905C-960B9ADE0D15} = {2A3DD6DC-687C-4633-9462-66163EF2D6D6}
		{9B8CE8B3-1137-4553-AFE4-4B9F72E082BF} = {2A3DD6DC-687C-4633-9462-66163EF2D6D6}
		{1663F9CE-A148-43A1-BDF8-2E28D5A5EDB3} = {2A3DD6DC-687C-4633-9462-66163EF2D6D6}
		{38302525-730B-436F-AC06-8F768CD97C00} = {2A3DD6DC-687C-4633-9462-66163EF2D6D6}
		{FA2996C7-6F2F-48E0-9F82-86899741C5A7} = {2A3DD6DC-687C-4633-9462-66163EF2D6D6}
		{20A096D7-8233-4D67-832C-DF9471D5CA17} = {2A3DD6DC-687C-4633-9462-66163EF2D6D6}
		{0B8901A8-2A5F-4E9E-AD76-93373D98F878} = {2A3DD6DC-687C-4633-9462-66163EF2D6D6}
		{EC220D43-DA69-44CF-80F2-731396EA69B3} = {2A3DD6DC-687C-4633-9462-66163EF2D6D6}
		{2410F689-B02F-41FD-B5FD-E005D86D8E35} = {2A3DD6DC-687C-4633-9462-66163EF2D6D6}
		{EECE9CEA-98A7-44AB-9BA0-B0636413948A} = {2A3DD6DC-687C-4633-9462-66163EF2D6D6}
		{197C51FF-CF01-4E2D-8696-990D47908977} = {2A3DD6DC-687C-4633-9462-66163EF2D6D6}
		{54CBBF09-4BDB-4379-9EB7-49D8060362CC} = {2A3DD6DC-687C-4633-9462-66163EF2D6D6}
		{C15DF2BC-5E22-41DA-845D-6354119642C7} = {2A3DD6DC-687C-4633-9462-66163EF2D6D6}
		{C257A5EE-04B7-4725-9D6C-04541A3DA9E7} = {2A3DD6DC-687C-4633-9462-66163EF2D6D6}
		{EB9A8E7C-ECF4-4F51-9D3B-7A576E550205} = {2A3DD6DC-687C-4633-9462-66163EF2D6D6}
		{F3041778-562A-4EAF-A7B3-6D0C38F1561C} = {2A3DD6DC-687C-4633-9462-66163EF2D6D6}
		{E6C45AEC-74EE-4CDE-A715-F89305FF4F7D} = {2A3DD6DC-687C-4633-9462-66163EF2D6D6}
		{A94ED373-FAF9-46C2-A1CA-A8E284A0D259} = {2A3DD6DC-687C-4633-9462-66163EF2D6D6}
		{7C976934-A532-45BC-B700-2B56B4C15FA8} = {2A3DD6DC-687C-4633-9462-66163EF2D6D6}
	EndGlobalSection
	GlobalSection(SolutionConfigurationPlatforms) = preSolution
		Debug|Any CPU = Debug|Any CPU
		Release|Any CPU = Release|Any CPU
	EndGlobalSection
	GlobalSection(ProjectConfigurationPlatforms) = postSolution
		{3360FC64-820C-4EB0-9B25-522C31F9F0D0}.Debug|Any CPU.ActiveCfg = Debug|Any CPU
		{3360FC64-820C-4EB0-9B25-522C31F9F0D0}.Debug|Any CPU.Build.0 = Debug|Any CPU
		{3360FC64-820C-4EB0-9B25-522C31F9F0D0}.Release|Any CPU.ActiveCfg = Release|Any CPU
		{3360FC64-820C-4EB0-9B25-522C31F9F0D0}.Release|Any CPU.Build.0 = Release|Any CPU
		{679C3497-CA55-4172-943B-1FF892D44F6A}.Debug|Any CPU.ActiveCfg = Debug|Any CPU
		{679C3497-CA55-4172-943B-1FF892D44F6A}.Debug|Any CPU.Build.0 = Debug|Any CPU
		{679C3497-CA55-4172-943B-1FF892D44F6A}.Release|Any CPU.ActiveCfg = Release|Any CPU
		{679C3497-CA55-4172-943B-1FF892D44F6A}.Release|Any CPU.Build.0 = Release|Any CPU
		{FB0C1501-1520-4B14-9549-6C05BA9800DC}.Debug|Any CPU.ActiveCfg = Debug|Any CPU
		{FB0C1501-1520-4B14-9549-6C05BA9800DC}.Debug|Any CPU.Build.0 = Debug|Any CPU
		{FB0C1501-1520-4B14-9549-6C05BA9800DC}.Release|Any CPU.ActiveCfg = Release|Any CPU
		{FB0C1501-1520-4B14-9549-6C05BA9800DC}.Release|Any CPU.Build.0 = Release|Any CPU
		{F8C124BC-BF86-4FCA-872A-A691BA327E3D}.Debug|Any CPU.ActiveCfg = Debug|Any CPU
		{F8C124BC-BF86-4FCA-872A-A691BA327E3D}.Debug|Any CPU.Build.0 = Debug|Any CPU
		{F8C124BC-BF86-4FCA-872A-A691BA327E3D}.Release|Any CPU.ActiveCfg = Release|Any CPU
		{F8C124BC-BF86-4FCA-872A-A691BA327E3D}.Release|Any CPU.Build.0 = Release|Any CPU
		{CC33A6F7-3E6B-4607-9F75-0771BCA6D844}.Debug|Any CPU.ActiveCfg = Debug|Any CPU
		{CC33A6F7-3E6B-4607-9F75-0771BCA6D844}.Debug|Any CPU.Build.0 = Debug|Any CPU
		{CC33A6F7-3E6B-4607-9F75-0771BCA6D844}.Release|Any CPU.ActiveCfg = Release|Any CPU
		{CC33A6F7-3E6B-4607-9F75-0771BCA6D844}.Release|Any CPU.Build.0 = Release|Any CPU
		{EBED20A7-1311-4F67-A13F-F587628DE642}.Debug|Any CPU.ActiveCfg = Debug|Any CPU
		{EBED20A7-1311-4F67-A13F-F587628DE642}.Debug|Any CPU.Build.0 = Debug|Any CPU
		{EBED20A7-1311-4F67-A13F-F587628DE642}.Release|Any CPU.ActiveCfg = Release|Any CPU
		{EBED20A7-1311-4F67-A13F-F587628DE642}.Release|Any CPU.Build.0 = Release|Any CPU
		{200EDB74-7653-4B9B-98DB-6D4B9D02AB3B}.Debug|Any CPU.ActiveCfg = Debug|Any CPU
		{200EDB74-7653-4B9B-98DB-6D4B9D02AB3B}.Debug|Any CPU.Build.0 = Debug|Any CPU
		{200EDB74-7653-4B9B-98DB-6D4B9D02AB3B}.Release|Any CPU.ActiveCfg = Release|Any CPU
		{200EDB74-7653-4B9B-98DB-6D4B9D02AB3B}.Release|Any CPU.Build.0 = Release|Any CPU
		{667A288C-40BB-4846-9634-FB6F4B0DEB45}.Debug|Any CPU.ActiveCfg = Debug|Any CPU
		{667A288C-40BB-4846-9634-FB6F4B0DEB45}.Debug|Any CPU.Build.0 = Debug|Any CPU
		{667A288C-40BB-4846-9634-FB6F4B0DEB45}.Release|Any CPU.ActiveCfg = Release|Any CPU
		{667A288C-40BB-4846-9634-FB6F4B0DEB45}.Release|Any CPU.Build.0 = Release|Any CPU
		{A90BAB70-2FC5-4B8E-A299-0677C347C291}.Debug|Any CPU.ActiveCfg = Debug|Any CPU
		{A90BAB70-2FC5-4B8E-A299-0677C347C291}.Debug|Any CPU.Build.0 = Debug|Any CPU
		{A90BAB70-2FC5-4B8E-A299-0677C347C291}.Release|Any CPU.ActiveCfg = Release|Any CPU
		{A90BAB70-2FC5-4B8E-A299-0677C347C291}.Release|Any CPU.Build.0 = Release|Any CPU
		{33D4C130-86DD-4D78-AAA7-785FC046F9E4}.Debug|Any CPU.ActiveCfg = Debug|Any CPU
		{33D4C130-86DD-4D78-AAA7-785FC046F9E4}.Debug|Any CPU.Build.0 = Debug|Any CPU
		{33D4C130-86DD-4D78-AAA7-785FC046F9E4}.Release|Any CPU.ActiveCfg = Release|Any CPU
		{33D4C130-86DD-4D78-AAA7-785FC046F9E4}.Release|Any CPU.Build.0 = Release|Any CPU
		{BDB07AC6-9C2A-4B9D-A2BE-0DF8C9E4419E}.Debug|Any CPU.ActiveCfg = Debug|Any CPU
		{BDB07AC6-9C2A-4B9D-A2BE-0DF8C9E4419E}.Debug|Any CPU.Build.0 = Debug|Any CPU
		{BDB07AC6-9C2A-4B9D-A2BE-0DF8C9E4419E}.Release|Any CPU.ActiveCfg = Release|Any CPU
		{BDB07AC6-9C2A-4B9D-A2BE-0DF8C9E4419E}.Release|Any CPU.Build.0 = Release|Any CPU
		{A3C55F75-610F-450D-905C-960B9ADE0D15}.Debug|Any CPU.ActiveCfg = Debug|Any CPU
		{A3C55F75-610F-450D-905C-960B9ADE0D15}.Debug|Any CPU.Build.0 = Debug|Any CPU
		{A3C55F75-610F-450D-905C-960B9ADE0D15}.Release|Any CPU.ActiveCfg = Release|Any CPU
		{A3C55F75-610F-450D-905C-960B9ADE0D15}.Release|Any CPU.Build.0 = Release|Any CPU
		{9B8CE8B3-1137-4553-AFE4-4B9F72E082BF}.Debug|Any CPU.ActiveCfg = Debug|Any CPU
		{9B8CE8B3-1137-4553-AFE4-4B9F72E082BF}.Debug|Any CPU.Build.0 = Debug|Any CPU
		{9B8CE8B3-1137-4553-AFE4-4B9F72E082BF}.Release|Any CPU.ActiveCfg = Release|Any CPU
		{9B8CE8B3-1137-4553-AFE4-4B9F72E082BF}.Release|Any CPU.Build.0 = Release|Any CPU
		{1663F9CE-A148-43A1-BDF8-2E28D5A5EDB3}.Debug|Any CPU.ActiveCfg = Debug|Any CPU
		{1663F9CE-A148-43A1-BDF8-2E28D5A5EDB3}.Debug|Any CPU.Build.0 = Debug|Any CPU
		{1663F9CE-A148-43A1-BDF8-2E28D5A5EDB3}.Release|Any CPU.ActiveCfg = Release|Any CPU
		{1663F9CE-A148-43A1-BDF8-2E28D5A5EDB3}.Release|Any CPU.Build.0 = Release|Any CPU
		{38302525-730B-436F-AC06-8F768CD97C00}.Debug|Any CPU.ActiveCfg = Debug|Any CPU
		{38302525-730B-436F-AC06-8F768CD97C00}.Debug|Any CPU.Build.0 = Debug|Any CPU
		{38302525-730B-436F-AC06-8F768CD97C00}.Release|Any CPU.ActiveCfg = Release|Any CPU
		{38302525-730B-436F-AC06-8F768CD97C00}.Release|Any CPU.Build.0 = Release|Any CPU
		{FA2996C7-6F2F-48E0-9F82-86899741C5A7}.Debug|Any CPU.ActiveCfg = Debug|Any CPU
		{FA2996C7-6F2F-48E0-9F82-86899741C5A7}.Debug|Any CPU.Build.0 = Debug|Any CPU
		{FA2996C7-6F2F-48E0-9F82-86899741C5A7}.Release|Any CPU.ActiveCfg = Release|Any CPU
		{FA2996C7-6F2F-48E0-9F82-86899741C5A7}.Release|Any CPU.Build.0 = Release|Any CPU
		{20A096D7-8233-4D67-832C-DF9471D5CA17}.Debug|Any CPU.ActiveCfg = Debug|Any CPU
		{20A096D7-8233-4D67-832C-DF9471D5CA17}.Debug|Any CPU.Build.0 = Debug|Any CPU
		{20A096D7-8233-4D67-832C-DF9471D5CA17}.Release|Any CPU.ActiveCfg = Release|Any CPU
		{20A096D7-8233-4D67-832C-DF9471D5CA17}.Release|Any CPU.Build.0 = Release|Any CPU
		{0B8901A8-2A5F-4E9E-AD76-93373D98F878}.Debug|Any CPU.ActiveCfg = Debug|Any CPU
		{0B8901A8-2A5F-4E9E-AD76-93373D98F878}.Debug|Any CPU.Build.0 = Debug|Any CPU
		{0B8901A8-2A5F-4E9E-AD76-93373D98F878}.Release|Any CPU.ActiveCfg = Release|Any CPU
		{0B8901A8-2A5F-4E9E-AD76-93373D98F878}.Release|Any CPU.Build.0 = Release|Any CPU
		{EC220D43-DA69-44CF-80F2-731396EA69B3}.Debug|Any CPU.ActiveCfg = Debug|Any CPU
		{EC220D43-DA69-44CF-80F2-731396EA69B3}.Debug|Any CPU.Build.0 = Debug|Any CPU
		{EC220D43-DA69-44CF-80F2-731396EA69B3}.Release|Any CPU.ActiveCfg = Release|Any CPU
		{EC220D43-DA69-44CF-80F2-731396EA69B3}.Release|Any CPU.Build.0 = Release|Any CPU
		{2410F689-B02F-41FD-B5FD-E005D86D8E35}.Debug|Any CPU.ActiveCfg = Debug|Any CPU
		{2410F689-B02F-41FD-B5FD-E005D86D8E35}.Debug|Any CPU.Build.0 = Debug|Any CPU
		{2410F689-B02F-41FD-B5FD-E005D86D8E35}.Release|Any CPU.ActiveCfg = Release|Any CPU
		{2410F689-B02F-41FD-B5FD-E005D86D8E35}.Release|Any CPU.Build.0 = Release|Any CPU
		{EECE9CEA-98A7-44AB-9BA0-B0636413948A}.Debug|Any CPU.ActiveCfg = Debug|Any CPU
		{EECE9CEA-98A7-44AB-9BA0-B0636413948A}.Debug|Any CPU.Build.0 = Debug|Any CPU
		{EECE9CEA-98A7-44AB-9BA0-B0636413948A}.Release|Any CPU.ActiveCfg = Release|Any CPU
		{EECE9CEA-98A7-44AB-9BA0-B0636413948A}.Release|Any CPU.Build.0 = Release|Any CPU
		{197C51FF-CF01-4E2D-8696-990D47908977}.Debug|Any CPU.ActiveCfg = Debug|Any CPU
		{197C51FF-CF01-4E2D-8696-990D47908977}.Debug|Any CPU.Build.0 = Debug|Any CPU
		{197C51FF-CF01-4E2D-8696-990D47908977}.Release|Any CPU.ActiveCfg = Release|Any CPU
		{197C51FF-CF01-4E2D-8696-990D47908977}.Release|Any CPU.Build.0 = Release|Any CPU
		{54CBBF09-4BDB-4379-9EB7-49D8060362CC}.Debug|Any CPU.ActiveCfg = Debug|Any CPU
		{54CBBF09-4BDB-4379-9EB7-49D8060362CC}.Debug|Any CPU.Build.0 = Debug|Any CPU
		{54CBBF09-4BDB-4379-9EB7-49D8060362CC}.Release|Any CPU.ActiveCfg = Release|Any CPU
		{54CBBF09-4BDB-4379-9EB7-49D8060362CC}.Release|Any CPU.Build.0 = Release|Any CPU
		{C15DF2BC-5E22-41DA-845D-6354119642C7}.Debug|Any CPU.ActiveCfg = Debug|Any CPU
		{C15DF2BC-5E22-41DA-845D-6354119642C7}.Debug|Any CPU.Build.0 = Debug|Any CPU
		{C15DF2BC-5E22-41DA-845D-6354119642C7}.Release|Any CPU.ActiveCfg = Release|Any CPU
		{C15DF2BC-5E22-41DA-845D-6354119642C7}.Release|Any CPU.Build.0 = Release|Any CPU
		{C257A5EE-04B7-4725-9D6C-04541A3DA9E7}.Debug|Any CPU.ActiveCfg = Debug|Any CPU
		{C257A5EE-04B7-4725-9D6C-04541A3DA9E7}.Debug|Any CPU.Build.0 = Debug|Any CPU
		{C257A5EE-04B7-4725-9D6C-04541A3DA9E7}.Release|Any CPU.ActiveCfg = Release|Any CPU
		{C257A5EE-04B7-4725-9D6C-04541A3DA9E7}.Release|Any CPU.Build.0 = Release|Any CPU
		{EB9A8E7C-ECF4-4F51-9D3B-7A576E550205}.Debug|Any CPU.ActiveCfg = Debug|Any CPU
		{EB9A8E7C-ECF4-4F51-9D3B-7A576E550205}.Debug|Any CPU.Build.0 = Debug|Any CPU
		{EB9A8E7C-ECF4-4F51-9D3B-7A576E550205}.Release|Any CPU.ActiveCfg = Release|Any CPU
		{EB9A8E7C-ECF4-4F51-9D3B-7A576E550205}.Release|Any CPU.Build.0 = Release|Any CPU
		{F3041778-562A-4EAF-A7B3-6D0C38F1561C}.Debug|Any CPU.ActiveCfg = Debug|Any CPU
		{F3041778-562A-4EAF-A7B3-6D0C38F1561C}.Debug|Any CPU.Build.0 = Debug|Any CPU
		{F3041778-562A-4EAF-A7B3-6D0C38F1561C}.Release|Any CPU.ActiveCfg = Release|Any CPU
		{F3041778-562A-4EAF-A7B3-6D0C38F1561C}.Release|Any CPU.Build.0 = Release|Any CPU
		{E6C45AEC-74EE-4CDE-A715-F89305FF4F7D}.Debug|Any CPU.ActiveCfg = Debug|Any CPU
		{E6C45AEC-74EE-4CDE-A715-F89305FF4F7D}.Debug|Any CPU.Build.0 = Debug|Any CPU
		{E6C45AEC-74EE-4CDE-A715-F89305FF4F7D}.Release|Any CPU.ActiveCfg = Release|Any CPU
		{E6C45AEC-74EE-4CDE-A715-F89305FF4F7D}.Release|Any CPU.Build.0 = Release|Any CPU
		{A94ED373-FAF9-46C2-A1CA-A8E284A0D259}.Debug|Any CPU.ActiveCfg = Debug|Any CPU
		{A94ED373-FAF9-46C2-A1CA-A8E284A0D259}.Debug|Any CPU.Build.0 = Debug|Any CPU
		{A94ED373-FAF9-46C2-A1CA-A8E284A0D259}.Release|Any CPU.ActiveCfg = Release|Any CPU
		{A94ED373-FAF9-46C2-A1CA-A8E284A0D259}.Release|Any CPU.Build.0 = Release|Any CPU
		{7C976934-A532-45BC-B700-2B56B4C15FA8}.Debug|Any CPU.ActiveCfg = Debug|Any CPU
		{7C976934-A532-45BC-B700-2B56B4C15FA8}.Debug|Any CPU.Build.0 = Debug|Any CPU
		{7C976934-A532-45BC-B700-2B56B4C15FA8}.Release|Any CPU.ActiveCfg = Release|Any CPU
		{7C976934-A532-45BC-B700-2B56B4C15FA8}.Release|Any CPU.Build.0 = Release|Any CPU
	EndGlobalSection
	GlobalSection(SolutionProperties) = preSolution
		HideSolutionNode = FALSE
	EndGlobalSection
	GlobalSection(ExtensibilityGlobals) = postSolution
		SolutionGuid = {E30F1218-A56F-4FF1-A711-B1A12D158523}
	EndGlobalSection
EndGlobal
